
Microsoft Visual Studio Solution File, Format Version 12.00
# Visual Studio Version 17
VisualStudioVersion = 17.14.37328.6
MinimumVisualStudioVersion = 10.0.40219.1
Project("{2150E333-8FDC-42A3-9474-1A3956D46DE8}") = "samples", "samples", "{E3D23626-57FC-497B-BECB-678708C21BF0}"
EndProject
Project("{9A19103F-16F7-4668-BE54-9A1E7A4F7556}") = "Nuri.WPF", "src\Nuri.WPF\Nuri.WPF.csproj", "{0606E1EB-EF00-4C3E-ABF0-3D9D67C2BE1F}"
EndProject
Project("{9A19103F-16F7-4668-BE54-9A1E7A4F7556}") = "RouterSample", "samples\WPF\RouterSample\RouterSample.csproj", "{736071D7-49CA-40C6-9E98-5BC6F1B2265C}"
EndProject
Project("{FAE04EC0-301F-11D3-BF4B-00C04F79EFBC}") = "Nuri.RouterTransitionSample", "samples\WPF\Nuri.RouterTransitionSample\Nuri.RouterTransitionSample.csproj", "{6B94E240-3F67-42D2-B9B2-0DF2A42F141E}"
EndProject
Project("{9A19103F-16F7-4668-BE54-9A1E7A4F7556}") = "Nuri.CommandPaletteSample", "samples\WPF\Nuri.CommandPaletteSample\Nuri.CommandPaletteSample.csproj", "{E6599706-2139-4865-8A46-C2A663304773}"
EndProject
Project("{9A19103F-16F7-4668-BE54-9A1E7A4F7556}") = "Nuri.TodoNotesSample", "samples\WPF\Nuri.TodoNotesSample\Nuri.TodoNotesSample.csproj", "{EFC5EB6E-8CEA-4059-B1FA-46F41C966165}"
EndProject
Project("{9A19103F-16F7-4668-BE54-9A1E7A4F7556}") = "GridTest", "samples\WPF\GridTest\GridTest.csproj", "{22013BD4-9CD1-4C3A-985E-A35CCBBBDA84}"
EndProject
Project("{9A19103F-16F7-4668-BE54-9A1E7A4F7556}") = "Nuri.Template", "src\Nuri.Template\Nuri.Template.csproj", "{352F812F-2401-4F63-9240-2C2DF1951739}"
EndProject
Project("{9A19103F-16F7-4668-BE54-9A1E7A4F7556}") = "DiffingEngineTest", "samples\WPF\DiffingEngineTest\DiffingEngineTest.csproj", "{B8DDCBD6-F7C4-4C38-B433-C0F18FB0C513}"
EndProject
Project("{9A19103F-16F7-4668-BE54-9A1E7A4F7556}") = "ContentControlChildrenTest", "samples\WPF\ContentControlChildrenTest\ContentControlChildrenTest.csproj", "{727FE581-AA80-44F5-B8EF-39E92DA28391}"
EndProject
Project("{9A19103F-16F7-4668-BE54-9A1E7A4F7556}") = "BorderTest", "samples\WPF\BorderTest\BorderTest.csproj", "{15AE229C-8729-4F81-9DDB-28A18171C80A}"
EndProject
Project("{2150E333-8FDC-42A3-9474-1A3956D46DE8}") = "src", "src", "{827E0CD3-B72D-47B6-A68D-7590B98EB39B}"
EndProject
Project("{FAE04EC0-301F-11D3-BF4B-00C04F79EFBC}") = "Nuri", "src\Nuri\Nuri.csproj", "{AA7501B0-C60A-4C95-9D77-997AAA7D239D}"
EndProject
Project("{2150E333-8FDC-42A3-9474-1A3956D46DE8}") = "perf", "perf", "{5081215B-A8D2-606B-0497-D199D4ED2BF3}"
EndProject
Project("{FAE04EC0-301F-11D3-BF4B-00C04F79EFBC}") = "Nuri.Performance", "perf\Nuri.Performance\Nuri.Performance.csproj", "{D0DE16FF-9814-4663-AC31-C5F341F53C2E}"
EndProject
Project("{FAE04EC0-301F-11D3-BF4B-00C04F79EFBC}") = "Nuri.WPFPerformance", "perf\Nuri.WPFPerformance\Nuri.WPFPerformance.csproj", "{1052E687-7915-4749-A7A9-9CCCFFA87B74}"
EndProject
Project("{FAE04EC0-301F-11D3-BF4B-00C04F79EFBC}") = "Nuri.Avalonia", "src\Nuri.Avalonia\Nuri.Avalonia.csproj", "{1A68F3F9-9BAB-4F7C-95D9-45D2236974DD}"
EndProject
Project("{FAE04EC0-301F-11D3-BF4B-00C04F79EFBC}") = "Nuri.AvaloniaHotReloadSample", "samples\Avalonia\Nuri.AvaloniaHotReloadSample\Nuri.AvaloniaHotReloadSample.csproj", "{62EA90A8-9159-4CE6-B540-81FD1BC15BEC}"
EndProject
Project("{FAE04EC0-301F-11D3-BF4B-00C04F79EFBC}") = "Nuri.Tests", "tests\Nuri.Tests\Nuri.Tests.csproj", "{5AFDCE88-88EB-4E90-AE31-6E88E28B4B77}"
EndProject
Project("{FAE04EC0-301F-11D3-BF4B-00C04F79EFBC}") = "Nuri.TodoValidationSample", "samples\WPF\Nuri.TodoValidationSample\Nuri.TodoValidationSample.csproj", "{9AAA3FA0-CA29-42C3-BB8F-72633E7736AC}"
EndProject
Project("{FAE04EC0-301F-11D3-BF4B-00C04F79EFBC}") = "Nuri.SettingsPreferencesSample", "samples\WPF\Nuri.SettingsPreferencesSample\Nuri.SettingsPreferencesSample.csproj", "{F677F82B-3200-4F73-9852-220190AFD914}"
EndProject
Project("{FAE04EC0-301F-11D3-BF4B-00C04F79EFBC}") = "Nuri.ModalDialogSample", "samples\WPF\Nuri.ModalDialogSample\Nuri.ModalDialogSample.csproj", "{1F3B6A0B-AA88-483C-B349-E33E41A80B5B}"
EndProject
Project("{FAE04EC0-301F-11D3-BF4B-00C04F79EFBC}") = "Nuri.DataEntrySample", "samples\WPF\Nuri.DataEntrySample\Nuri.DataEntrySample.csproj", "{3C00EDFF-9946-4C2E-913E-153ED6DAD770}"
EndProject
Project("{FAE04EC0-301F-11D3-BF4B-00C04F79EFBC}") = "Nuri.MasterDetailSample", "samples\WPF\Nuri.MasterDetailSample\Nuri.MasterDetailSample.csproj", "{16E04F11-8198-4422-81C6-AEDB9AD62BD4}"
EndProject
Project("{FAE04EC0-301F-11D3-BF4B-00C04F79EFBC}") = "Nuri.TabsNavigationSample", "samples\WPF\Nuri.TabsNavigationSample\Nuri.TabsNavigationSample.csproj", "{4CFCA739-80B3-42E9-BA0F-4869E64C1EFA}"
EndProject
Project("{FAE04EC0-301F-11D3-BF4B-00C04F79EFBC}") = "Nuri.AsyncLoadingSample", "samples\WPF\Nuri.AsyncLoadingSample\Nuri.AsyncLoadingSample.csproj", "{C6B11A63-5664-4A0B-9A24-5C29AC8AE3A0}"
EndProject
Project("{FAE04EC0-301F-11D3-BF4B-00C04F79EFBC}") = "Nuri.LargeListSample", "samples\WPF\Nuri.LargeListSample\Nuri.LargeListSample.csproj", "{CF87F741-E759-44DB-8372-98700DD085E1}"
EndProject
Project("{2150E333-8FDC-42A3-9474-1A3956D46DE8}") = "WPF", "WPF", "{014682B3-BA2E-A573-AFAA-A9B4B15BAD1B}"
EndProject
Project("{FAE04EC0-301F-11D3-BF4B-00C04F79EFBC}") = "Nuri.StoreSample", "samples\WPF\Nuri.StoreSample\Nuri.StoreSample.csproj", "{89F1074F-34B7-49DC-802F-ED624EA2EDE3}"
EndProject
Project("{FAE04EC0-301F-11D3-BF4B-00C04F79EFBC}") = "Nuri.DevTools", "src\Nuri.DevTools\Nuri.DevTools.csproj", "{B3A631C9-7A6E-4E30-8BE7-D4F5AE27C901}"
EndProject
Project("{FAE04EC0-301F-11D3-BF4B-00C04F79EFBC}") = "Nuri.DevToolsSample", "samples\WPF\Nuri.DevToolsSample\Nuri.DevToolsSample.csproj", "{9CA15925-9A90-4791-8B3C-70D89D365E7A}"
EndProject
Project("{FAE04EC0-301F-11D3-BF4B-00C04F79EFBC}") = "Nuri.WPF.PreviewHost", "src\Nuri.WPF.PreviewHost\Nuri.WPF.PreviewHost.csproj", "{2CAB45B5-1A2F-4A86-866F-35468B3E446F}"
EndProject
Project("{FAE04EC0-301F-11D3-BF4B-00C04F79EFBC}") = "Nuri.VisualStudioPreview", "src\Nuri.VisualStudioPreview\Nuri.VisualStudioPreview.csproj", "{648B7B2E-77A8-B90F-623A-E38891A836D0}"
EndProject
Project("{2150E333-8FDC-42A3-9474-1A3956D46DE8}") = "tests", "tests", "{0AB3BF05-4346-4AA6-1389-037BE0695223}"
EndProject
Project("{FAE04EC0-301F-11D3-BF4B-00C04F79EFBC}") = "Nuri.RendererTests", "tests\Nuri.RendererTests\Nuri.RendererTests.csproj", "{16701C40-D8DF-4B81-8260-ED3F3B0D4163}"
EndProject
Project("{FAE04EC0-301F-11D3-BF4B-00C04F79EFBC}") = "Nuri.ExplorerTreeSample", "samples\WPF\Nuri.ExplorerTreeSample\Nuri.ExplorerTreeSample.csproj", "{EF1E94B9-456E-4FA9-BA60-D783C0EE68AA}"
EndProject
Project("{FAE04EC0-301F-11D3-BF4B-00C04F79EFBC}") = "Nuri.VirtualExplorerTreeSample", "samples\WPF\Nuri.VirtualExplorerTreeSample\Nuri.VirtualExplorerTreeSample.csproj", "{6C893C19-79B4-4F77-91F4-8CFF13A328A2}"
EndProject
Project("{FAE04EC0-301F-11D3-BF4B-00C04F79EFBC}") = "Nuri.AnimatedDashboardSample", "samples\Avalonia\Nuri.AnimatedDashboardSample\Nuri.AnimatedDashboardSample.csproj", "{B724CB4A-2D54-4C89-95B2-7C3C7B5B3974}"
EndProject
Project("{2150E333-8FDC-42A3-9474-1A3956D46DE8}") = "Avalonia", "Avalonia", "{C8D5274F-AC00-46C7-1F8D-E88E81087A52}"
EndProject
Project("{FAE04EC0-301F-11D3-BF4B-00C04F79EFBC}") = "Nuri.WPFAnimatedDashboardSample", "samples\WPF\Nuri.WPFAnimatedDashboardSample\Nuri.WPFAnimatedDashboardSample.csproj", "{D7AF83E1-7E20-4D74-AE5D-952B58D2B194}"
EndProject
Project("{FAE04EC0-301F-11D3-BF4B-00C04F79EFBC}") = "Nuri.MultiWindowSample", "samples\WPF\Nuri.MultiWindowSample\Nuri.MultiWindowSample.csproj", "{00C7377E-6A69-44FB-B404-610B7306C3D8}"
EndProject
Project("{2150E333-8FDC-42A3-9474-1A3956D46DE8}") = "Duxel", "Duxel", "{32D11B4C-00F7-D8E2-AE32-62CBDB4A0924}"
EndProject
Project("{FAE04EC0-301F-11D3-BF4B-00C04F79EFBC}") = "Nuri.DuxelSample", "samples\Duxel\Nuri.DuxelSample\Nuri.DuxelSample.csproj", "{BE7B5E79-A5BE-409D-AD94-1D3E5F5E2F7D}"
EndProject
Project("{FAE04EC0-301F-11D3-BF4B-00C04F79EFBC}") = "Nuri.DuxelExplorerTreeSample", "samples\Duxel\Nuri.DuxelExplorerTreeSample\Nuri.DuxelExplorerTreeSample.csproj", "{2E69A442-0A9A-4D71-BEEB-2D937107F8C4}"
EndProject
Project("{FAE04EC0-301F-11D3-BF4B-00C04F79EFBC}") = "Nuri.DuxelVirtualExplorerTreeSample", "samples\Duxel\Nuri.DuxelVirtualExplorerTreeSample\Nuri.DuxelVirtualExplorerTreeSample.csproj", "{A7C1A2E3-54B8-4D80-92A6-7A0639C9C8EA}"
EndProject
Project("{FAE04EC0-301F-11D3-BF4B-00C04F79EFBC}") = "Nuri.DuxelAnimatedDashboardSample", "samples\Duxel\Nuri.DuxelAnimatedDashboardSample\Nuri.DuxelAnimatedDashboardSample.csproj", "{C1C34F9A-23C2-4A49-B3D5-3E1A7D87C023}"
EndProject
Project("{FAE04EC0-301F-11D3-BF4B-00C04F79EFBC}") = "Nuri.PreviewHost.Core", "src\Nuri.PreviewHost.Core\Nuri.PreviewHost.Core.csproj", "{86ABA634-976E-412A-B268-3F7CF2DAF731}"
EndProject
Project("{FAE04EC0-301F-11D3-BF4B-00C04F79EFBC}") = "Nuri.DuxelPerformance", "perf\Nuri.DuxelPerformance\Nuri.DuxelPerformance.csproj", "{A6927F7C-4232-407A-8027-B0B847C5FADF}"
EndProject
Project("{FAE04EC0-301F-11D3-BF4B-00C04F79EFBC}") = "Nuri.DuxelRendererTests", "tests\Nuri.DuxelRendererTests\Nuri.DuxelRendererTests.csproj", "{8F384A5D-776A-4D73-9240-5E9B57109B7A}"
EndProject
Project("{FAE04EC0-301F-11D3-BF4B-00C04F79EFBC}") = "Nuri.DevToolsTests", "tests\Nuri.DevToolsTests\Nuri.DevToolsTests.csproj", "{C48E370F-2C66-4A88-9C21-0D1B6A5E7F31}"
EndProject
Project("{FAE04EC0-301F-11D3-BF4B-00C04F79EFBC}") = "Nuri.Duxel", "src\Nuri.Duxel\Nuri.Duxel\Nuri.Duxel.csproj", "{AD1E8008-C094-44FD-9DA9-F5F4BEF343F5}"
EndProject
Project("{FAE04EC0-301F-11D3-BF4B-00C04F79EFBC}") = "Nuri.Duxel.Windows", "src\Nuri.Duxel\Nuri.Duxel.Windows\Nuri.Duxel.Windows.csproj", "{729DD9DD-7813-4684-AC6A-405F7E42BE0E}"
EndProject
Project("{FAE04EC0-301F-11D3-BF4B-00C04F79EFBC}") = "Nuri.DuxelThemeGallerySample", "samples\Duxel\Nuri.DuxelThemeGallerySample\Nuri.DuxelThemeGallerySample.csproj", "{7D9692F8-6103-44D0-8BD6-AAE44C862A75}"
EndProject
Project("{FAE04EC0-301F-11D3-BF4B-00C04F79EFBC}") = "Nuri.DuxelNavigationSample", "samples\Duxel\Nuri.DuxelNavigationSample\Nuri.DuxelNavigationSample.csproj", "{9C57D4E9-4B75-4E81-9A55-5B1C0A8D79E6}"
EndProject
Project("{FAE04EC0-301F-11D3-BF4B-00C04F79EFBC}") = "Nuri.DuxelRouterTransitionSample", "samples\Duxel\Nuri.DuxelRouterTransitionSample\Nuri.DuxelRouterTransitionSample.csproj", "{0D4AC0CD-8706-4D47-98E0-25A1B674F452}"
EndProject
Project("{FAE04EC0-301F-11D3-BF4B-00C04F79EFBC}") = "Nuri.DuxelRouterSample", "samples\Duxel\Nuri.DuxelRouterSample\Nuri.DuxelRouterSample.csproj", "{5B7A012C-6D2E-4F1E-8B0F-6C399E7A41D2}"
EndProject
Project("{2150E333-8FDC-42A3-9474-1A3956D46DE8}") = "Nuri.Duxel", "Nuri.Duxel", "{3F5B9EC4-7309-4F65-BF3C-9FFF9D157B8E}"
EndProject
Project("{FAE04EC0-301F-11D3-BF4B-00C04F79EFBC}") = "Nuri.DuxelEditorStressSample", "samples\Duxel\Nuri.DuxelEditorStressSample\Nuri.DuxelEditorStressSample.csproj", "{CEC98915-DFCF-42F2-A6CB-AD17F933A1B6}"
EndProject
Project("{2150E333-8FDC-42A3-9474-1A3956D46DE8}") = "Nuri.WPFEditorStressComparison", "Nuri.WPFEditorStressComparison", "{FD93FF4E-6442-083D-08FA-77EBA5215E6F}"
EndProject
Project("{FAE04EC0-301F-11D3-BF4B-00C04F79EFBC}") = "Nuri.WPFEditorStress.PackageSample", "samples\WPF\Nuri.WPFEditorStressComparison\PackageSample\Nuri.WPFEditorStress.PackageSample.csproj", "{F5EE3465-E113-4003-ABCC-078591A0C383}"
EndProject
Project("{FAE04EC0-301F-11D3-BF4B-00C04F79EFBC}") = "Nuri.WPFEditorStress.SourceSample", "samples\WPF\Nuri.WPFEditorStressComparison\SourceSample\Nuri.WPFEditorStress.SourceSample.csproj", "{4C13B050-DF01-4FC6-AD9D-DAFC1836278A}"
EndProject
Project("{2150E333-8FDC-42A3-9474-1A3956D46DE8}") = "Nuri.WPFPhaseComparison", "Nuri.WPFPhaseComparison", "{7BEB58EE-D6DE-2982-F4A5-D0CF905B36C5}"
EndProject
Project("{FAE04EC0-301F-11D3-BF4B-00C04F79EFBC}") = "Nuri.WPFPhase.Package", "perf\Nuri.WPFPhaseComparison\Package\Nuri.WPFPhase.Package.csproj", "{A67D75F6-3F97-416A-BE1B-BC20530E68A6}"
EndProject
Project("{FAE04EC0-301F-11D3-BF4B-00C04F79EFBC}") = "Nuri.WPFPhase.Source", "perf\Nuri.WPFPhaseComparison\Source\Nuri.WPFPhase.Source.csproj", "{EF788949-AAC9-429A-89AC-42EBEFCB79DE}"
EndProject
Global
	GlobalSection(SolutionConfigurationPlatforms) = preSolution
		Debug|Any CPU = Debug|Any CPU
		Debug|x64 = Debug|x64
		Debug|x86 = Debug|x86
		Release|Any CPU = Release|Any CPU
		Release|x64 = Release|x64
		Release|x86 = Release|x86
	EndGlobalSection
	GlobalSection(ProjectConfigurationPlatforms) = postSolution
		{0606E1EB-EF00-4C3E-ABF0-3D9D67C2BE1F}.Debug|Any CPU.ActiveCfg = Debug|Any CPU
		{0606E1EB-EF00-4C3E-ABF0-3D9D67C2BE1F}.Debug|Any CPU.Build.0 = Debug|Any CPU
		{0606E1EB-EF00-4C3E-ABF0-3D9D67C2BE1F}.Debug|x64.ActiveCfg = Debug|Any CPU
		{0606E1EB-EF00-4C3E-ABF0-3D9D67C2BE1F}.Debug|x64.Build.0 = Debug|Any CPU
		{0606E1EB-EF00-4C3E-ABF0-3D9D67C2BE1F}.Debug|x86.ActiveCfg = Debug|Any CPU
		{0606E1EB-EF00-4C3E-ABF0-3D9D67C2BE1F}.Debug|x86.Build.0 = Debug|Any CPU
		{0606E1EB-EF00-4C3E-ABF0-3D9D67C2BE1F}.Release|Any CPU.ActiveCfg = Release|Any CPU
		{0606E1EB-EF00-4C3E-ABF0-3D9D67C2BE1F}.Release|Any CPU.Build.0 = Release|Any CPU
		{0606E1EB-EF00-4C3E-ABF0-3D9D67C2BE1F}.Release|x64.ActiveCfg = Release|Any CPU
		{0606E1EB-EF00-4C3E-ABF0-3D9D67C2BE1F}.Release|x64.Build.0 = Release|Any CPU
		{0606E1EB-EF00-4C3E-ABF0-3D9D67C2BE1F}.Release|x86.ActiveCfg = Release|Any CPU
		{0606E1EB-EF00-4C3E-ABF0-3D9D67C2BE1F}.Release|x86.Build.0 = Release|Any CPU
		{736071D7-49CA-40C6-9E98-5BC6F1B2265C}.Debug|Any CPU.ActiveCfg = Debug|Any CPU
		{736071D7-49CA-40C6-9E98-5BC6F1B2265C}.Debug|Any CPU.Build.0 = Debug|Any CPU
		{736071D7-49CA-40C6-9E98-5BC6F1B2265C}.Debug|x64.ActiveCfg = Debug|Any CPU
		{736071D7-49CA-40C6-9E98-5BC6F1B2265C}.Debug|x64.Build.0 = Debug|Any CPU
		{736071D7-49CA-40C6-9E98-5BC6F1B2265C}.Debug|x86.ActiveCfg = Debug|Any CPU
		{736071D7-49CA-40C6-9E98-5BC6F1B2265C}.Debug|x86.Build.0 = Debug|Any CPU
		{736071D7-49CA-40C6-9E98-5BC6F1B2265C}.Release|Any CPU.ActiveCfg = Release|Any CPU
		{736071D7-49CA-40C6-9E98-5BC6F1B2265C}.Release|Any CPU.Build.0 = Release|Any CPU
		{736071D7-49CA-40C6-9E98-5BC6F1B2265C}.Release|x64.ActiveCfg = Release|Any CPU
		{736071D7-49CA-40C6-9E98-5BC6F1B2265C}.Release|x64.Build.0 = Release|Any CPU
		{736071D7-49CA-40C6-9E98-5BC6F1B2265C}.Release|x86.ActiveCfg = Release|Any CPU
		{736071D7-49CA-40C6-9E98-5BC6F1B2265C}.Release|x86.Build.0 = Release|Any CPU
		{6B94E240-3F67-42D2-B9B2-0DF2A42F141E}.Debug|Any CPU.ActiveCfg = Debug|Any CPU
		{6B94E240-3F67-42D2-B9B2-0DF2A42F141E}.Debug|Any CPU.Build.0 = Debug|Any CPU
		{6B94E240-3F67-42D2-B9B2-0DF2A42F141E}.Debug|x64.ActiveCfg = Debug|Any CPU
		{6B94E240-3F67-42D2-B9B2-0DF2A42F141E}.Debug|x64.Build.0 = Debug|Any CPU
		{6B94E240-3F67-42D2-B9B2-0DF2A42F141E}.Debug|x86.ActiveCfg = Debug|Any CPU
		{6B94E240-3F67-42D2-B9B2-0DF2A42F141E}.Debug|x86.Build.0 = Debug|Any CPU
		{6B94E240-3F67-42D2-B9B2-0DF2A42F141E}.Release|Any CPU.ActiveCfg = Release|Any CPU
		{6B94E240-3F67-42D2-B9B2-0DF2A42F141E}.Release|Any CPU.Build.0 = Release|Any CPU
		{6B94E240-3F67-42D2-B9B2-0DF2A42F141E}.Release|x64.ActiveCfg = Release|Any CPU
		{6B94E240-3F67-42D2-B9B2-0DF2A42F141E}.Release|x64.Build.0 = Release|Any CPU
		{6B94E240-3F67-42D2-B9B2-0DF2A42F141E}.Release|x86.ActiveCfg = Release|Any CPU
		{6B94E240-3F67-42D2-B9B2-0DF2A42F141E}.Release|x86.Build.0 = Release|Any CPU
		{E6599706-2139-4865-8A46-C2A663304773}.Debug|Any CPU.ActiveCfg = Debug|Any CPU
		{E6599706-2139-4865-8A46-C2A663304773}.Debug|Any CPU.Build.0 = Debug|Any CPU
		{E6599706-2139-4865-8A46-C2A663304773}.Debug|x64.ActiveCfg = Debug|Any CPU
		{E6599706-2139-4865-8A46-C2A663304773}.Debug|x64.Build.0 = Debug|Any CPU
		{E6599706-2139-4865-8A46-C2A663304773}.Debug|x86.ActiveCfg = Debug|Any CPU
		{E6599706-2139-4865-8A46-C2A663304773}.Debug|x86.Build.0 = Debug|Any CPU
		{E6599706-2139-4865-8A46-C2A663304773}.Release|Any CPU.ActiveCfg = Release|Any CPU
		{E6599706-2139-4865-8A46-C2A663304773}.Release|Any CPU.Build.0 = Release|Any CPU
		{E6599706-2139-4865-8A46-C2A663304773}.Release|x64.ActiveCfg = Release|Any CPU
		{E6599706-2139-4865-8A46-C2A663304773}.Release|x64.Build.0 = Release|Any CPU
		{E6599706-2139-4865-8A46-C2A663304773}.Release|x86.ActiveCfg = Release|Any CPU
		{E6599706-2139-4865-8A46-C2A663304773}.Release|x86.Build.0 = Release|Any CPU
		{EFC5EB6E-8CEA-4059-B1FA-46F41C966165}.Debug|Any CPU.ActiveCfg = Debug|Any CPU
		{EFC5EB6E-8CEA-4059-B1FA-46F41C966165}.Debug|Any CPU.Build.0 = Debug|Any CPU
		{EFC5EB6E-8CEA-4059-B1FA-46F41C966165}.Debug|x64.ActiveCfg = Debug|Any CPU
		{EFC5EB6E-8CEA-4059-B1FA-46F41C966165}.Debug|x64.Build.0 = Debug|Any CPU
		{EFC5EB6E-8CEA-4059-B1FA-46F41C966165}.Debug|x86.ActiveCfg = Debug|Any CPU
		{EFC5EB6E-8CEA-4059-B1FA-46F41C966165}.Debug|x86.Build.0 = Debug|Any CPU
		{EFC5EB6E-8CEA-4059-B1FA-46F41C966165}.Release|Any CPU.ActiveCfg = Release|Any CPU
		{EFC5EB6E-8CEA-4059-B1FA-46F41C966165}.Release|Any CPU.Build.0 = Release|Any CPU
		{EFC5EB6E-8CEA-4059-B1FA-46F41C966165}.Release|x64.ActiveCfg = Release|Any CPU
		{EFC5EB6E-8CEA-4059-B1FA-46F41C966165}.Release|x64.Build.0 = Release|Any CPU
		{EFC5EB6E-8CEA-4059-B1FA-46F41C966165}.Release|x86.ActiveCfg = Release|Any CPU
		{EFC5EB6E-8CEA-4059-B1FA-46F41C966165}.Release|x86.Build.0 = Release|Any CPU
		{22013BD4-9CD1-4C3A-985E-A35CCBBBDA84}.Debug|Any CPU.ActiveCfg = Debug|Any CPU
		{22013BD4-9CD1-4C3A-985E-A35CCBBBDA84}.Debug|Any CPU.Build.0 = Debug|Any CPU
		{22013BD4-9CD1-4C3A-985E-A35CCBBBDA84}.Debug|x64.ActiveCfg = Debug|Any CPU
		{22013BD4-9CD1-4C3A-985E-A35CCBBBDA84}.Debug|x64.Build.0 = Debug|Any CPU
		{22013BD4-9CD1-4C3A-985E-A35CCBBBDA84}.Debug|x86.ActiveCfg = Debug|Any CPU
		{22013BD4-9CD1-4C3A-985E-A35CCBBBDA84}.Debug|x86.Build.0 = Debug|Any CPU
		{22013BD4-9CD1-4C3A-985E-A35CCBBBDA84}.Release|Any CPU.ActiveCfg = Release|Any CPU
		{22013BD4-9CD1-4C3A-985E-A35CCBBBDA84}.Release|Any CPU.Build.0 = Release|Any CPU
		{22013BD4-9CD1-4C3A-985E-A35CCBBBDA84}.Release|x64.ActiveCfg = Release|Any CPU
		{22013BD4-9CD1-4C3A-985E-A35CCBBBDA84}.Release|x64.Build.0 = Release|Any CPU
		{22013BD4-9CD1-4C3A-985E-A35CCBBBDA84}.Release|x86.ActiveCfg = Release|Any CPU
		{22013BD4-9CD1-4C3A-985E-A35CCBBBDA84}.Release|x86.Build.0 = Release|Any CPU
		{352F812F-2401-4F63-9240-2C2DF1951739}.Debug|Any CPU.ActiveCfg = Debug|Any CPU
		{352F812F-2401-4F63-9240-2C2DF1951739}.Debug|Any CPU.Build.0 = Debug|Any CPU
		{352F812F-2401-4F63-9240-2C2DF1951739}.Debug|x64.ActiveCfg = Debug|Any CPU
		{352F812F-2401-4F63-9240-2C2DF1951739}.Debug|x64.Build.0 = Debug|Any CPU
		{352F812F-2401-4F63-9240-2C2DF1951739}.Debug|x86.ActiveCfg = Debug|Any CPU
		{352F812F-2401-4F63-9240-2C2DF1951739}.Debug|x86.Build.0 = Debug|Any CPU
		{352F812F-2401-4F63-9240-2C2DF1951739}.Release|Any CPU.ActiveCfg = Release|Any CPU
		{352F812F-2401-4F63-9240-2C2DF1951739}.Release|Any CPU.Build.0 = Release|Any CPU
		{352F812F-2401-4F63-9240-2C2DF1951739}.Release|x64.ActiveCfg = Release|Any CPU
		{352F812F-2401-4F63-9240-2C2DF1951739}.Release|x64.Build.0 = Release|Any CPU
		{352F812F-2401-4F63-9240-2C2DF1951739}.Release|x86.ActiveCfg = Release|Any CPU
		{352F812F-2401-4F63-9240-2C2DF1951739}.Release|x86.Build.0 = Release|Any CPU
		{B8DDCBD6-F7C4-4C38-B433-C0F18FB0C513}.Debug|Any CPU.ActiveCfg = Debug|Any CPU
		{B8DDCBD6-F7C4-4C38-B433-C0F18FB0C513}.Debug|Any CPU.Build.0 = Debug|Any CPU
		{B8DDCBD6-F7C4-4C38-B433-C0F18FB0C513}.Debug|x64.ActiveCfg = Debug|Any CPU
		{B8DDCBD6-F7C4-4C38-B433-C0F18FB0C513}.Debug|x64.Build.0 = Debug|Any CPU
		{B8DDCBD6-F7C4-4C38-B433-C0F18FB0C513}.Debug|x86.ActiveCfg = Debug|Any CPU
		{B8DDCBD6-F7C4-4C38-B433-C0F18FB0C513}.Debug|x86.Build.0 = Debug|Any CPU
		{B8DDCBD6-F7C4-4C38-B433-C0F18FB0C513}.Release|Any CPU.ActiveCfg = Release|Any CPU
		{B8DDCBD6-F7C4-4C38-B433-C0F18FB0C513}.Release|Any CPU.Build.0 = Release|Any CPU
		{B8DDCBD6-F7C4-4C38-B433-C0F18FB0C513}.Release|x64.ActiveCfg = Release|Any CPU
		{B8DDCBD6-F7C4-4C38-B433-C0F18FB0C513}.Release|x64.Build.0 = Release|Any CPU
		{B8DDCBD6-F7C4-4C38-B433-C0F18FB0C513}.Release|x86.ActiveCfg = Release|Any CPU
		{B8DDCBD6-F7C4-4C38-B433-C0F18FB0C513}.Release|x86.Build.0 = Release|Any CPU
		{727FE581-AA80-44F5-B8EF-39E92DA28391}.Debug|Any CPU.ActiveCfg = Debug|Any CPU
		{727FE581-AA80-44F5-B8EF-39E92DA28391}.Debug|Any CPU.Build.0 = Debug|Any CPU
		{727FE581-AA80-44F5-B8EF-39E92DA28391}.Debug|x64.ActiveCfg = Debug|Any CPU
		{727FE581-AA80-44F5-B8EF-39E92DA28391}.Debug|x64.Build.0 = Debug|Any CPU
		{727FE581-AA80-44F5-B8EF-39E92DA28391}.Debug|x86.ActiveCfg = Debug|Any CPU
		{727FE581-AA80-44F5-B8EF-39E92DA28391}.Debug|x86.Build.0 = Debug|Any CPU
		{727FE581-AA80-44F5-B8EF-39E92DA28391}.Release|Any CPU.ActiveCfg = Release|Any CPU
		{727FE581-AA80-44F5-B8EF-39E92DA28391}.Release|Any CPU.Build.0 = Release|Any CPU
		{727FE581-AA80-44F5-B8EF-39E92DA28391}.Release|x64.ActiveCfg = Release|Any CPU
		{727FE581-AA80-44F5-B8EF-39E92DA28391}.Release|x64.Build.0 = Release|Any CPU
		{727FE581-AA80-44F5-B8EF-39E92DA28391}.Release|x86.ActiveCfg = Release|Any CPU
		{727FE581-AA80-44F5-B8EF-39E92DA28391}.Release|x86.Build.0 = Release|Any CPU
		{15AE229C-8729-4F81-9DDB-28A18171C80A}.Debug|Any CPU.ActiveCfg = Debug|Any CPU
		{15AE229C-8729-4F81-9DDB-28A18171C80A}.Debug|Any CPU.Build.0 = Debug|Any CPU
		{15AE229C-8729-4F81-9DDB-28A18171C80A}.Debug|x64.ActiveCfg = Debug|Any CPU
		{15AE229C-8729-4F81-9DDB-28A18171C80A}.Debug|x64.Build.0 = Debug|Any CPU
		{15AE229C-8729-4F81-9DDB-28A18171C80A}.Debug|x86.ActiveCfg = Debug|Any CPU
		{15AE229C-8729-4F81-9DDB-28A18171C80A}.Debug|x86.Build.0 = Debug|Any CPU
		{15AE229C-8729-4F81-9DDB-28A18171C80A}.Release|Any CPU.ActiveCfg = Release|Any CPU
		{15AE229C-8729-4F81-9DDB-28A18171C80A}.Release|Any CPU.Build.0 = Release|Any CPU
		{15AE229C-8729-4F81-9DDB-28A18171C80A}.Release|x64.ActiveCfg = Release|Any CPU
		{15AE229C-8729-4F81-9DDB-28A18171C80A}.Release|x64.Build.0 = Release|Any CPU
		{15AE229C-8729-4F81-9DDB-28A18171C80A}.Release|x86.ActiveCfg = Release|Any CPU
		{15AE229C-8729-4F81-9DDB-28A18171C80A}.Release|x86.Build.0 = Release|Any CPU
		{AA7501B0-C60A-4C95-9D77-997AAA7D239D}.Debug|Any CPU.ActiveCfg = Debug|Any CPU
		{AA7501B0-C60A-4C95-9D77-997AAA7D239D}.Debug|Any CPU.Build.0 = Debug|Any CPU
		{AA7501B0-C60A-4C95-9D77-997AAA7D239D}.Debug|x64.ActiveCfg = Debug|Any CPU
		{AA7501B0-C60A-4C95-9D77-997AAA7D239D}.Debug|x64.Build.0 = Debug|Any CPU
		{AA7501B0-C60A-4C95-9D77-997AAA7D239D}.Debug|x86.ActiveCfg = Debug|Any CPU
		{AA7501B0-C60A-4C95-9D77-997AAA7D239D}.Debug|x86.Build.0 = Debug|Any CPU
		{AA7501B0-C60A-4C95-9D77-997AAA7D239D}.Release|Any CPU.ActiveCfg = Release|Any CPU
		{AA7501B0-C60A-4C95-9D77-997AAA7D239D}.Release|Any CPU.Build.0 = Release|Any CPU
		{AA7501B0-C60A-4C95-9D77-997AAA7D239D}.Release|x64.ActiveCfg = Release|Any CPU
		{AA7501B0-C60A-4C95-9D77-997AAA7D239D}.Release|x64.Build.0 = Release|Any CPU
		{AA7501B0-C60A-4C95-9D77-997AAA7D239D}.Release|x86.ActiveCfg = Release|Any CPU
		{AA7501B0-C60A-4C95-9D77-997AAA7D239D}.Release|x86.Build.0 = Release|Any CPU
		{D0DE16FF-9814-4663-AC31-C5F341F53C2E}.Debug|Any CPU.ActiveCfg = Debug|Any CPU
		{D0DE16FF-9814-4663-AC31-C5F341F53C2E}.Debug|Any CPU.Build.0 = Debug|Any CPU
		{D0DE16FF-9814-4663-AC31-C5F341F53C2E}.Debug|x64.ActiveCfg = Debug|Any CPU
		{D0DE16FF-9814-4663-AC31-C5F341F53C2E}.Debug|x64.Build.0 = Debug|Any CPU
		{D0DE16FF-9814-4663-AC31-C5F341F53C2E}.Debug|x86.ActiveCfg = Debug|Any CPU
		{D0DE16FF-9814-4663-AC31-C5F341F53C2E}.Debug|x86.Build.0 = Debug|Any CPU
		{D0DE16FF-9814-4663-AC31-C5F341F53C2E}.Release|Any CPU.ActiveCfg = Release|Any CPU
		{D0DE16FF-9814-4663-AC31-C5F341F53C2E}.Release|Any CPU.Build.0 = Release|Any CPU
		{D0DE16FF-9814-4663-AC31-C5F341F53C2E}.Release|x64.ActiveCfg = Release|Any CPU
		{D0DE16FF-9814-4663-AC31-C5F341F53C2E}.Release|x64.Build.0 = Release|Any CPU
		{D0DE16FF-9814-4663-AC31-C5F341F53C2E}.Release|x86.ActiveCfg = Release|Any CPU
		{D0DE16FF-9814-4663-AC31-C5F341F53C2E}.Release|x86.Build.0 = Release|Any CPU
		{1052E687-7915-4749-A7A9-9CCCFFA87B74}.Debug|Any CPU.ActiveCfg = Debug|Any CPU
		{1052E687-7915-4749-A7A9-9CCCFFA87B74}.Debug|Any CPU.Build.0 = Debug|Any CPU
		{1052E687-7915-4749-A7A9-9CCCFFA87B74}.Debug|x64.ActiveCfg = Debug|Any CPU
		{1052E687-7915-4749-A7A9-9CCCFFA87B74}.Debug|x64.Build.0 = Debug|Any CPU
		{1052E687-7915-4749-A7A9-9CCCFFA87B74}.Debug|x86.ActiveCfg = Debug|Any CPU
		{1052E687-7915-4749-A7A9-9CCCFFA87B74}.Debug|x86.Build.0 = Debug|Any CPU
		{1052E687-7915-4749-A7A9-9CCCFFA87B74}.Release|Any CPU.ActiveCfg = Release|Any CPU
		{1052E687-7915-4749-A7A9-9CCCFFA87B74}.Release|Any CPU.Build.0 = Release|Any CPU
		{1052E687-7915-4749-A7A9-9CCCFFA87B74}.Release|x64.ActiveCfg = Release|Any CPU
		{1052E687-7915-4749-A7A9-9CCCFFA87B74}.Release|x64.Build.0 = Release|Any CPU
		{1052E687-7915-4749-A7A9-9CCCFFA87B74}.Release|x86.ActiveCfg = Release|Any CPU
		{1052E687-7915-4749-A7A9-9CCCFFA87B74}.Release|x86.Build.0 = Release|Any CPU
		{1A68F3F9-9BAB-4F7C-95D9-45D2236974DD}.Debug|Any CPU.ActiveCfg = Debug|Any CPU
		{1A68F3F9-9BAB-4F7C-95D9-45D2236974DD}.Debug|Any CPU.Build.0 = Debug|Any CPU
		{1A68F3F9-9BAB-4F7C-95D9-45D2236974DD}.Debug|x64.ActiveCfg = Debug|Any CPU
		{1A68F3F9-9BAB-4F7C-95D9-45D2236974DD}.Debug|x64.Build.0 = Debug|Any CPU
		{1A68F3F9-9BAB-4F7C-95D9-45D2236974DD}.Debug|x86.ActiveCfg = Debug|Any CPU
		{1A68F3F9-9BAB-4F7C-95D9-45D2236974DD}.Debug|x86.Build.0 = Debug|Any CPU
		{1A68F3F9-9BAB-4F7C-95D9-45D2236974DD}.Release|Any CPU.ActiveCfg = Release|Any CPU
		{1A68F3F9-9BAB-4F7C-95D9-45D2236974DD}.Release|Any CPU.Build.0 = Release|Any CPU
		{1A68F3F9-9BAB-4F7C-95D9-45D2236974DD}.Release|x64.ActiveCfg = Release|Any CPU
		{1A68F3F9-9BAB-4F7C-95D9-45D2236974DD}.Release|x64.Build.0 = Release|Any CPU
		{1A68F3F9-9BAB-4F7C-95D9-45D2236974DD}.Release|x86.ActiveCfg = Release|Any CPU
		{1A68F3F9-9BAB-4F7C-95D9-45D2236974DD}.Release|x86.Build.0 = Release|Any CPU
		{62EA90A8-9159-4CE6-B540-81FD1BC15BEC}.Debug|Any CPU.ActiveCfg = Debug|Any CPU
		{62EA90A8-9159-4CE6-B540-81FD1BC15BEC}.Debug|Any CPU.Build.0 = Debug|Any CPU
		{62EA90A8-9159-4CE6-B540-81FD1BC15BEC}.Debug|x64.ActiveCfg = Debug|Any CPU
		{62EA90A8-9159-4CE6-B540-81FD1BC15BEC}.Debug|x64.Build.0 = Debug|Any CPU
		{62EA90A8-9159-4CE6-B540-81FD1BC15BEC}.Debug|x86.ActiveCfg = Debug|Any CPU
		{62EA90A8-9159-4CE6-B540-81FD1BC15BEC}.Debug|x86.Build.0 = Debug|Any CPU
		{62EA90A8-9159-4CE6-B540-81FD1BC15BEC}.Release|Any CPU.ActiveCfg = Release|Any CPU
		{62EA90A8-9159-4CE6-B540-81FD1BC15BEC}.Release|Any CPU.Build.0 = Release|Any CPU
		{62EA90A8-9159-4CE6-B540-81FD1BC15BEC}.Release|x64.ActiveCfg = Release|Any CPU
		{62EA90A8-9159-4CE6-B540-81FD1BC15BEC}.Release|x64.Build.0 = Release|Any CPU
		{62EA90A8-9159-4CE6-B540-81FD1BC15BEC}.Release|x86.ActiveCfg = Release|Any CPU
		{62EA90A8-9159-4CE6-B540-81FD1BC15BEC}.Release|x86.Build.0 = Release|Any CPU
		{5AFDCE88-88EB-4E90-AE31-6E88E28B4B77}.Debug|Any CPU.ActiveCfg = Debug|Any CPU
		{5AFDCE88-88EB-4E90-AE31-6E88E28B4B77}.Debug|Any CPU.Build.0 = Debug|Any CPU
		{5AFDCE88-88EB-4E90-AE31-6E88E28B4B77}.Debug|x64.ActiveCfg = Debug|Any CPU
		{5AFDCE88-88EB-4E90-AE31-6E88E28B4B77}.Debug|x64.Build.0 = Debug|Any CPU
		{5AFDCE88-88EB-4E90-AE31-6E88E28B4B77}.Debug|x86.ActiveCfg = Debug|Any CPU
		{5AFDCE88-88EB-4E90-AE31-6E88E28B4B77}.Debug|x86.Build.0 = Debug|Any CPU
		{5AFDCE88-88EB-4E90-AE31-6E88E28B4B77}.Release|Any CPU.ActiveCfg = Release|Any CPU
		{5AFDCE88-88EB-4E90-AE31-6E88E28B4B77}.Release|Any CPU.Build.0 = Release|Any CPU
		{5AFDCE88-88EB-4E90-AE31-6E88E28B4B77}.Release|x64.ActiveCfg = Release|Any CPU
		{5AFDCE88-88EB-4E90-AE31-6E88E28B4B77}.Release|x64.Build.0 = Release|Any CPU
		{5AFDCE88-88EB-4E90-AE31-6E88E28B4B77}.Release|x86.ActiveCfg = Release|Any CPU
		{5AFDCE88-88EB-4E90-AE31-6E88E28B4B77}.Release|x86.Build.0 = Release|Any CPU
		{9AAA3FA0-CA29-42C3-BB8F-72633E7736AC}.Debug|Any CPU.ActiveCfg = Debug|Any CPU
		{9AAA3FA0-CA29-42C3-BB8F-72633E7736AC}.Debug|Any CPU.Build.0 = Debug|Any CPU
		{9AAA3FA0-CA29-42C3-BB8F-72633E7736AC}.Debug|x64.ActiveCfg = Debug|Any CPU
		{9AAA3FA0-CA29-42C3-BB8F-72633E7736AC}.Debug|x64.Build.0 = Debug|Any CPU
		{9AAA3FA0-CA29-42C3-BB8F-72633E7736AC}.Debug|x86.ActiveCfg = Debug|Any CPU
		{9AAA3FA0-CA29-42C3-BB8F-72633E7736AC}.Debug|x86.Build.0 = Debug|Any CPU
		{9AAA3FA0-CA29-42C3-BB8F-72633E7736AC}.Release|Any CPU.ActiveCfg = Release|Any CPU
		{9AAA3FA0-CA29-42C3-BB8F-72633E7736AC}.Release|Any CPU.Build.0 = Release|Any CPU
		{9AAA3FA0-CA29-42C3-BB8F-72633E7736AC}.Release|x64.ActiveCfg = Release|Any CPU
		{9AAA3FA0-CA29-42C3-BB8F-72633E7736AC}.Release|x64.Build.0 = Release|Any CPU
		{9AAA3FA0-CA29-42C3-BB8F-72633E7736AC}.Release|x86.ActiveCfg = Release|Any CPU
		{9AAA3FA0-CA29-42C3-BB8F-72633E7736AC}.Release|x86.Build.0 = Release|Any CPU
		{F677F82B-3200-4F73-9852-220190AFD914}.Debug|Any CPU.ActiveCfg = Debug|Any CPU
		{F677F82B-3200-4F73-9852-220190AFD914}.Debug|Any CPU.Build.0 = Debug|Any CPU
		{F677F82B-3200-4F73-9852-220190AFD914}.Debug|x64.ActiveCfg = Debug|Any CPU
		{F677F82B-3200-4F73-9852-220190AFD914}.Debug|x64.Build.0 = Debug|Any CPU
		{F677F82B-3200-4F73-9852-220190AFD914}.Debug|x86.ActiveCfg = Debug|Any CPU
		{F677F82B-3200-4F73-9852-220190AFD914}.Debug|x86.Build.0 = Debug|Any CPU
		{F677F82B-3200-4F73-9852-220190AFD914}.Release|Any CPU.ActiveCfg = Release|Any CPU
		{F677F82B-3200-4F73-9852-220190AFD914}.Release|Any CPU.Build.0 = Release|Any CPU
		{F677F82B-3200-4F73-9852-220190AFD914}.Release|x64.ActiveCfg = Release|Any CPU
		{F677F82B-3200-4F73-9852-220190AFD914}.Release|x64.Build.0 = Release|Any CPU
		{F677F82B-3200-4F73-9852-220190AFD914}.Release|x86.ActiveCfg = Release|Any CPU
		{F677F82B-3200-4F73-9852-220190AFD914}.Release|x86.Build.0 = Release|Any CPU
		{1F3B6A0B-AA88-483C-B349-E33E41A80B5B}.Debug|Any CPU.ActiveCfg = Debug|Any CPU
		{1F3B6A0B-AA88-483C-B349-E33E41A80B5B}.Debug|Any CPU.Build.0 = Debug|Any CPU
		{1F3B6A0B-AA88-483C-B349-E33E41A80B5B}.Debug|x64.ActiveCfg = Debug|Any CPU
		{1F3B6A0B-AA88-483C-B349-E33E41A80B5B}.Debug|x64.Build.0 = Debug|Any CPU
		{1F3B6A0B-AA88-483C-B349-E33E41A80B5B}.Debug|x86.ActiveCfg = Debug|Any CPU
		{1F3B6A0B-AA88-483C-B349-E33E41A80B5B}.Debug|x86.Build.0 = Debug|Any CPU
		{1F3B6A0B-AA88-483C-B349-E33E41A80B5B}.Release|Any CPU.ActiveCfg = Release|Any CPU
		{1F3B6A0B-AA88-483C-B349-E33E41A80B5B}.Release|Any CPU.Build.0 = Release|Any CPU
		{1F3B6A0B-AA88-483C-B349-E33E41A80B5B}.Release|x64.ActiveCfg = Release|Any CPU
		{1F3B6A0B-AA88-483C-B349-E33E41A80B5B}.Release|x64.Build.0 = Release|Any CPU
		{1F3B6A0B-AA88-483C-B349-E33E41A80B5B}.Release|x86.ActiveCfg = Release|Any CPU
		{1F3B6A0B-AA88-483C-B349-E33E41A80B5B}.Release|x86.Build.0 = Release|Any CPU
		{3C00EDFF-9946-4C2E-913E-153ED6DAD770}.Debug|Any CPU.ActiveCfg = Debug|Any CPU
		{3C00EDFF-9946-4C2E-913E-153ED6DAD770}.Debug|Any CPU.Build.0 = Debug|Any CPU
		{3C00EDFF-9946-4C2E-913E-153ED6DAD770}.Debug|x64.ActiveCfg = Debug|Any CPU
		{3C00EDFF-9946-4C2E-913E-153ED6DAD770}.Debug|x64.Build.0 = Debug|Any CPU
		{3C00EDFF-9946-4C2E-913E-153ED6DAD770}.Debug|x86.ActiveCfg = Debug|Any CPU
		{3C00EDFF-9946-4C2E-913E-153ED6DAD770}.Debug|x86.Build.0 = Debug|Any CPU
		{3C00EDFF-9946-4C2E-913E-153ED6DAD770}.Release|Any CPU.ActiveCfg = Release|Any CPU
		{3C00EDFF-9946-4C2E-913E-153ED6DAD770}.Release|Any CPU.Build.0 = Release|Any CPU
		{3C00EDFF-9946-4C2E-913E-153ED6DAD770}.Release|x64.ActiveCfg = Release|Any CPU
		{3C00EDFF-9946-4C2E-913E-153ED6DAD770}.Release|x64.Build.0 = Release|Any CPU
		{3C00EDFF-9946-4C2E-913E-153ED6DAD770}.Release|x86.ActiveCfg = Release|Any CPU
		{3C00EDFF-9946-4C2E-913E-153ED6DAD770}.Release|x86.Build.0 = Release|Any CPU
		{16E04F11-8198-4422-81C6-AEDB9AD62BD4}.Debug|Any CPU.ActiveCfg = Debug|Any CPU
		{16E04F11-8198-4422-81C6-AEDB9AD62BD4}.Debug|Any CPU.Build.0 = Debug|Any CPU
		{16E04F11-8198-4422-81C6-AEDB9AD62BD4}.Debug|x64.ActiveCfg = Debug|Any CPU
		{16E04F11-8198-4422-81C6-AEDB9AD62BD4}.Debug|x64.Build.0 = Debug|Any CPU
		{16E04F11-8198-4422-81C6-AEDB9AD62BD4}.Debug|x86.ActiveCfg = Debug|Any CPU
		{16E04F11-8198-4422-81C6-AEDB9AD62BD4}.Debug|x86.Build.0 = Debug|Any CPU
		{16E04F11-8198-4422-81C6-AEDB9AD62BD4}.Release|Any CPU.ActiveCfg = Release|Any CPU
		{16E04F11-8198-4422-81C6-AEDB9AD62BD4}.Release|Any CPU.Build.0 = Release|Any CPU
		{16E04F11-8198-4422-81C6-AEDB9AD62BD4}.Release|x64.ActiveCfg = Release|Any CPU
		{16E04F11-8198-4422-81C6-AEDB9AD62BD4}.Release|x64.Build.0 = Release|Any CPU
		{16E04F11-8198-4422-81C6-AEDB9AD62BD4}.Release|x86.ActiveCfg = Release|Any CPU
		{16E04F11-8198-4422-81C6-AEDB9AD62BD4}.Release|x86.Build.0 = Release|Any CPU
		{4CFCA739-80B3-42E9-BA0F-4869E64C1EFA}.Debug|Any CPU.ActiveCfg = Debug|Any CPU
		{4CFCA739-80B3-42E9-BA0F-4869E64C1EFA}.Debug|Any CPU.Build.0 = Debug|Any CPU
		{4CFCA739-80B3-42E9-BA0F-4869E64C1EFA}.Debug|x64.ActiveCfg = Debug|Any CPU
		{4CFCA739-80B3-42E9-BA0F-4869E64C1EFA}.Debug|x64.Build.0 = Debug|Any CPU
		{4CFCA739-80B3-42E9-BA0F-4869E64C1EFA}.Debug|x86.ActiveCfg = Debug|Any CPU
		{4CFCA739-80B3-42E9-BA0F-4869E64C1EFA}.Debug|x86.Build.0 = Debug|Any CPU
		{4CFCA739-80B3-42E9-BA0F-4869E64C1EFA}.Release|Any CPU.ActiveCfg = Release|Any CPU
		{4CFCA739-80B3-42E9-BA0F-4869E64C1EFA}.Release|Any CPU.Build.0 = Release|Any CPU
		{4CFCA739-80B3-42E9-BA0F-4869E64C1EFA}.Release|x64.ActiveCfg = Release|Any CPU
		{4CFCA739-80B3-42E9-BA0F-4869E64C1EFA}.Release|x64.Build.0 = Release|Any CPU
		{4CFCA739-80B3-42E9-BA0F-4869E64C1EFA}.Release|x86.ActiveCfg = Release|Any CPU
		{4CFCA739-80B3-42E9-BA0F-4869E64C1EFA}.Release|x86.Build.0 = Release|Any CPU
		{C6B11A63-5664-4A0B-9A24-5C29AC8AE3A0}.Debug|Any CPU.ActiveCfg = Debug|Any CPU
		{C6B11A63-5664-4A0B-9A24-5C29AC8AE3A0}.Debug|Any CPU.Build.0 = Debug|Any CPU
		{C6B11A63-5664-4A0B-9A24-5C29AC8AE3A0}.Debug|x64.ActiveCfg = Debug|Any CPU
		{C6B11A63-5664-4A0B-9A24-5C29AC8AE3A0}.Debug|x64.Build.0 = Debug|Any CPU
		{C6B11A63-5664-4A0B-9A24-5C29AC8AE3A0}.Debug|x86.ActiveCfg = Debug|Any CPU
		{C6B11A63-5664-4A0B-9A24-5C29AC8AE3A0}.Debug|x86.Build.0 = Debug|Any CPU
		{C6B11A63-5664-4A0B-9A24-5C29AC8AE3A0}.Release|Any CPU.ActiveCfg = Release|Any CPU
		{C6B11A63-5664-4A0B-9A24-5C29AC8AE3A0}.Release|Any CPU.Build.0 = Release|Any CPU
		{C6B11A63-5664-4A0B-9A24-5C29AC8AE3A0}.Release|x64.ActiveCfg = Release|Any CPU
		{C6B11A63-5664-4A0B-9A24-5C29AC8AE3A0}.Release|x64.Build.0 = Release|Any CPU
		{C6B11A63-5664-4A0B-9A24-5C29AC8AE3A0}.Release|x86.ActiveCfg = Release|Any CPU
		{C6B11A63-5664-4A0B-9A24-5C29AC8AE3A0}.Release|x86.Build.0 = Release|Any CPU
		{CF87F741-E759-44DB-8372-98700DD085E1}.Debug|Any CPU.ActiveCfg = Debug|Any CPU
		{CF87F741-E759-44DB-8372-98700DD085E1}.Debug|Any CPU.Build.0 = Debug|Any CPU
		{CF87F741-E759-44DB-8372-98700DD085E1}.Debug|x64.ActiveCfg = Debug|Any CPU
		{CF87F741-E759-44DB-8372-98700DD085E1}.Debug|x64.Build.0 = Debug|Any CPU
		{CF87F741-E759-44DB-8372-98700DD085E1}.Debug|x86.ActiveCfg = Debug|Any CPU
		{CF87F741-E759-44DB-8372-98700DD085E1}.Debug|x86.Build.0 = Debug|Any CPU
		{CF87F741-E759-44DB-8372-98700DD085E1}.Release|Any CPU.ActiveCfg = Release|Any CPU
		{CF87F741-E759-44DB-8372-98700DD085E1}.Release|Any CPU.Build.0 = Release|Any CPU
		{CF87F741-E759-44DB-8372-98700DD085E1}.Release|x64.ActiveCfg = Release|Any CPU
		{CF87F741-E759-44DB-8372-98700DD085E1}.Release|x64.Build.0 = Release|Any CPU
		{CF87F741-E759-44DB-8372-98700DD085E1}.Release|x86.ActiveCfg = Release|Any CPU
		{CF87F741-E759-44DB-8372-98700DD085E1}.Release|x86.Build.0 = Release|Any CPU
		{89F1074F-34B7-49DC-802F-ED624EA2EDE3}.Debug|Any CPU.ActiveCfg = Debug|Any CPU
		{89F1074F-34B7-49DC-802F-ED624EA2EDE3}.Debug|Any CPU.Build.0 = Debug|Any CPU
		{89F1074F-34B7-49DC-802F-ED624EA2EDE3}.Debug|x64.ActiveCfg = Debug|Any CPU
		{89F1074F-34B7-49DC-802F-ED624EA2EDE3}.Debug|x64.Build.0 = Debug|Any CPU
		{89F1074F-34B7-49DC-802F-ED624EA2EDE3}.Debug|x86.ActiveCfg = Debug|Any CPU
		{89F1074F-34B7-49DC-802F-ED624EA2EDE3}.Debug|x86.Build.0 = Debug|Any CPU
		{89F1074F-34B7-49DC-802F-ED624EA2EDE3}.Release|Any CPU.ActiveCfg = Release|Any CPU
		{89F1074F-34B7-49DC-802F-ED624EA2EDE3}.Release|Any CPU.Build.0 = Release|Any CPU
		{89F1074F-34B7-49DC-802F-ED624EA2EDE3}.Release|x64.ActiveCfg = Release|Any CPU
		{89F1074F-34B7-49DC-802F-ED624EA2EDE3}.Release|x64.Build.0 = Release|Any CPU
		{89F1074F-34B7-49DC-802F-ED624EA2EDE3}.Release|x86.ActiveCfg = Release|Any CPU
		{89F1074F-34B7-49DC-802F-ED624EA2EDE3}.Release|x86.Build.0 = Release|Any CPU
		{B3A631C9-7A6E-4E30-8BE7-D4F5AE27C901}.Debug|Any CPU.ActiveCfg = Debug|Any CPU
		{B3A631C9-7A6E-4E30-8BE7-D4F5AE27C901}.Debug|Any CPU.Build.0 = Debug|Any CPU
		{B3A631C9-7A6E-4E30-8BE7-D4F5AE27C901}.Debug|x64.ActiveCfg = Debug|Any CPU
		{B3A631C9-7A6E-4E30-8BE7-D4F5AE27C901}.Debug|x64.Build.0 = Debug|Any CPU
		{B3A631C9-7A6E-4E30-8BE7-D4F5AE27C901}.Debug|x86.ActiveCfg = Debug|Any CPU
		{B3A631C9-7A6E-4E30-8BE7-D4F5AE27C901}.Debug|x86.Build.0 = Debug|Any CPU
		{B3A631C9-7A6E-4E30-8BE7-D4F5AE27C901}.Release|Any CPU.ActiveCfg = Release|Any CPU
		{B3A631C9-7A6E-4E30-8BE7-D4F5AE27C901}.Release|Any CPU.Build.0 = Release|Any CPU
		{B3A631C9-7A6E-4E30-8BE7-D4F5AE27C901}.Release|x64.ActiveCfg = Release|Any CPU
		{B3A631C9-7A6E-4E30-8BE7-D4F5AE27C901}.Release|x64.Build.0 = Release|Any CPU
		{B3A631C9-7A6E-4E30-8BE7-D4F5AE27C901}.Release|x86.ActiveCfg = Release|Any CPU
		{B3A631C9-7A6E-4E30-8BE7-D4F5AE27C901}.Release|x86.Build.0 = Release|Any CPU
		{9CA15925-9A90-4791-8B3C-70D89D365E7A}.Debug|Any CPU.ActiveCfg = Debug|Any CPU
		{9CA15925-9A90-4791-8B3C-70D89D365E7A}.Debug|Any CPU.Build.0 = Debug|Any CPU
		{9CA15925-9A90-4791-8B3C-70D89D365E7A}.Debug|x64.ActiveCfg = Debug|Any CPU
		{9CA15925-9A90-4791-8B3C-70D89D365E7A}.Debug|x64.Build.0 = Debug|Any CPU
		{9CA15925-9A90-4791-8B3C-70D89D365E7A}.Debug|x86.ActiveCfg = Debug|Any CPU
		{9CA15925-9A90-4791-8B3C-70D89D365E7A}.Debug|x86.Build.0 = Debug|Any CPU
		{9CA15925-9A90-4791-8B3C-70D89D365E7A}.Release|Any CPU.ActiveCfg = Release|Any CPU
		{9CA15925-9A90-4791-8B3C-70D89D365E7A}.Release|Any CPU.Build.0 = Release|Any CPU
		{9CA15925-9A90-4791-8B3C-70D89D365E7A}.Release|x64.ActiveCfg = Release|Any CPU
		{9CA15925-9A90-4791-8B3C-70D89D365E7A}.Release|x64.Build.0 = Release|Any CPU
		{9CA15925-9A90-4791-8B3C-70D89D365E7A}.Release|x86.ActiveCfg = Release|Any CPU
		{9CA15925-9A90-4791-8B3C-70D89D365E7A}.Release|x86.Build.0 = Release|Any CPU
		{2CAB45B5-1A2F-4A86-866F-35468B3E446F}.Debug|Any CPU.ActiveCfg = Debug|Any CPU
		{2CAB45B5-1A2F-4A86-866F-35468B3E446F}.Debug|Any CPU.Build.0 = Debug|Any CPU
		{2CAB45B5-1A2F-4A86-866F-35468B3E446F}.Debug|x64.ActiveCfg = Debug|Any CPU
		{2CAB45B5-1A2F-4A86-866F-35468B3E446F}.Debug|x64.Build.0 = Debug|Any CPU
		{2CAB45B5-1A2F-4A86-866F-35468B3E446F}.Debug|x86.ActiveCfg = Debug|Any CPU
		{2CAB45B5-1A2F-4A86-866F-35468B3E446F}.Debug|x86.Build.0 = Debug|Any CPU
		{2CAB45B5-1A2F-4A86-866F-35468B3E446F}.Release|Any CPU.ActiveCfg = Release|Any CPU
		{2CAB45B5-1A2F-4A86-866F-35468B3E446F}.Release|Any CPU.Build.0 = Release|Any CPU
		{2CAB45B5-1A2F-4A86-866F-35468B3E446F}.Release|x64.ActiveCfg = Release|Any CPU
		{2CAB45B5-1A2F-4A86-866F-35468B3E446F}.Release|x64.Build.0 = Release|Any CPU
		{2CAB45B5-1A2F-4A86-866F-35468B3E446F}.Release|x86.ActiveCfg = Release|Any CPU
		{2CAB45B5-1A2F-4A86-866F-35468B3E446F}.Release|x86.Build.0 = Release|Any CPU
		{648B7B2E-77A8-B90F-623A-E38891A836D0}.Debug|Any CPU.ActiveCfg = Debug|Any CPU
		{648B7B2E-77A8-B90F-623A-E38891A836D0}.Debug|Any CPU.Build.0 = Debug|Any CPU
		{648B7B2E-77A8-B90F-623A-E38891A836D0}.Debug|x64.ActiveCfg = Debug|Any CPU
		{648B7B2E-77A8-B90F-623A-E38891A836D0}.Debug|x64.Build.0 = Debug|Any CPU
		{648B7B2E-77A8-B90F-623A-E38891A836D0}.Debug|x86.ActiveCfg = Debug|Any CPU
		{648B7B2E-77A8-B90F-623A-E38891A836D0}.Debug|x86.Build.0 = Debug|Any CPU
		{648B7B2E-77A8-B90F-623A-E38891A836D0}.Release|Any CPU.ActiveCfg = Release|Any CPU
		{648B7B2E-77A8-B90F-623A-E38891A836D0}.Release|Any CPU.Build.0 = Release|Any CPU
		{648B7B2E-77A8-B90F-623A-E38891A836D0}.Release|x64.ActiveCfg = Release|Any CPU
		{648B7B2E-77A8-B90F-623A-E38891A836D0}.Release|x64.Build.0 = Release|Any CPU
		{648B7B2E-77A8-B90F-623A-E38891A836D0}.Release|x86.ActiveCfg = Release|Any CPU
		{648B7B2E-77A8-B90F-623A-E38891A836D0}.Release|x86.Build.0 = Release|Any CPU
		{16701C40-D8DF-4B81-8260-ED3F3B0D4163}.Debug|Any CPU.ActiveCfg = Debug|Any CPU
		{16701C40-D8DF-4B81-8260-ED3F3B0D4163}.Debug|Any CPU.Build.0 = Debug|Any CPU
		{16701C40-D8DF-4B81-8260-ED3F3B0D4163}.Debug|x64.ActiveCfg = Debug|Any CPU
		{16701C40-D8DF-4B81-8260-ED3F3B0D4163}.Debug|x64.Build.0 = Debug|Any CPU
		{16701C40-D8DF-4B81-8260-ED3F3B0D4163}.Debug|x86.ActiveCfg = Debug|Any CPU
		{16701C40-D8DF-4B81-8260-ED3F3B0D4163}.Debug|x86.Build.0 = Debug|Any CPU
		{16701C40-D8DF-4B81-8260-ED3F3B0D4163}.Release|Any CPU.ActiveCfg = Release|Any CPU
		{16701C40-D8DF-4B81-8260-ED3F3B0D4163}.Release|Any CPU.Build.0 = Release|Any CPU
		{16701C40-D8DF-4B81-8260-ED3F3B0D4163}.Release|x64.ActiveCfg = Release|Any CPU
		{16701C40-D8DF-4B81-8260-ED3F3B0D4163}.Release|x64.Build.0 = Release|Any CPU
		{16701C40-D8DF-4B81-8260-ED3F3B0D4163}.Release|x86.ActiveCfg = Release|Any CPU
		{16701C40-D8DF-4B81-8260-ED3F3B0D4163}.Release|x86.Build.0 = Release|Any CPU
		{EF1E94B9-456E-4FA9-BA60-D783C0EE68AA}.Debug|Any CPU.ActiveCfg = Debug|Any CPU
		{EF1E94B9-456E-4FA9-BA60-D783C0EE68AA}.Debug|Any CPU.Build.0 = Debug|Any CPU
		{EF1E94B9-456E-4FA9-BA60-D783C0EE68AA}.Debug|x64.ActiveCfg = Debug|Any CPU
		{EF1E94B9-456E-4FA9-BA60-D783C0EE68AA}.Debug|x64.Build.0 = Debug|Any CPU
		{EF1E94B9-456E-4FA9-BA60-D783C0EE68AA}.Debug|x86.ActiveCfg = Debug|Any CPU
		{EF1E94B9-456E-4FA9-BA60-D783C0EE68AA}.Debug|x86.Build.0 = Debug|Any CPU
		{EF1E94B9-456E-4FA9-BA60-D783C0EE68AA}.Release|Any CPU.ActiveCfg = Release|Any CPU
		{EF1E94B9-456E-4FA9-BA60-D783C0EE68AA}.Release|Any CPU.Build.0 = Release|Any CPU
		{EF1E94B9-456E-4FA9-BA60-D783C0EE68AA}.Release|x64.ActiveCfg = Release|Any CPU
		{EF1E94B9-456E-4FA9-BA60-D783C0EE68AA}.Release|x64.Build.0 = Release|Any CPU
		{EF1E94B9-456E-4FA9-BA60-D783C0EE68AA}.Release|x86.ActiveCfg = Release|Any CPU
		{EF1E94B9-456E-4FA9-BA60-D783C0EE68AA}.Release|x86.Build.0 = Release|Any CPU
		{6C893C19-79B4-4F77-91F4-8CFF13A328A2}.Debug|Any CPU.ActiveCfg = Debug|Any CPU
		{6C893C19-79B4-4F77-91F4-8CFF13A328A2}.Debug|Any CPU.Build.0 = Debug|Any CPU
		{6C893C19-79B4-4F77-91F4-8CFF13A328A2}.Debug|x64.ActiveCfg = Debug|Any CPU
		{6C893C19-79B4-4F77-91F4-8CFF13A328A2}.Debug|x64.Build.0 = Debug|Any CPU
		{6C893C19-79B4-4F77-91F4-8CFF13A328A2}.Debug|x86.ActiveCfg = Debug|Any CPU
		{6C893C19-79B4-4F77-91F4-8CFF13A328A2}.Debug|x86.Build.0 = Debug|Any CPU
		{6C893C19-79B4-4F77-91F4-8CFF13A328A2}.Release|Any CPU.ActiveCfg = Release|Any CPU
		{6C893C19-79B4-4F77-91F4-8CFF13A328A2}.Release|Any CPU.Build.0 = Release|Any CPU
		{6C893C19-79B4-4F77-91F4-8CFF13A328A2}.Release|x64.ActiveCfg = Release|Any CPU
		{6C893C19-79B4-4F77-91F4-8CFF13A328A2}.Release|x64.Build.0 = Release|Any CPU
		{6C893C19-79B4-4F77-91F4-8CFF13A328A2}.Release|x86.ActiveCfg = Release|Any CPU
		{6C893C19-79B4-4F77-91F4-8CFF13A328A2}.Release|x86.Build.0 = Release|Any CPU
		{B724CB4A-2D54-4C89-95B2-7C3C7B5B3974}.Debug|Any CPU.ActiveCfg = Debug|Any CPU
		{B724CB4A-2D54-4C89-95B2-7C3C7B5B3974}.Debug|Any CPU.Build.0 = Debug|Any CPU
		{B724CB4A-2D54-4C89-95B2-7C3C7B5B3974}.Debug|x64.ActiveCfg = Debug|Any CPU
		{B724CB4A-2D54-4C89-95B2-7C3C7B5B3974}.Debug|x64.Build.0 = Debug|Any CPU
		{B724CB4A-2D54-4C89-95B2-7C3C7B5B3974}.Debug|x86.ActiveCfg = Debug|Any CPU
		{B724CB4A-2D54-4C89-95B2-7C3C7B5B3974}.Debug|x86.Build.0 = Debug|Any CPU
		{B724CB4A-2D54-4C89-95B2-7C3C7B5B3974}.Release|Any CPU.ActiveCfg = Release|Any CPU
		{B724CB4A-2D54-4C89-95B2-7C3C7B5B3974}.Release|Any CPU.Build.0 = Release|Any CPU
		{B724CB4A-2D54-4C89-95B2-7C3C7B5B3974}.Release|x64.ActiveCfg = Release|Any CPU
		{B724CB4A-2D54-4C89-95B2-7C3C7B5B3974}.Release|x64.Build.0 = Release|Any CPU
		{B724CB4A-2D54-4C89-95B2-7C3C7B5B3974}.Release|x86.ActiveCfg = Release|Any CPU
		{B724CB4A-2D54-4C89-95B2-7C3C7B5B3974}.Release|x86.Build.0 = Release|Any CPU
		{D7AF83E1-7E20-4D74-AE5D-952B58D2B194}.Debug|Any CPU.ActiveCfg = Debug|Any CPU
		{D7AF83E1-7E20-4D74-AE5D-952B58D2B194}.Debug|Any CPU.Build.0 = Debug|Any CPU
		{D7AF83E1-7E20-4D74-AE5D-952B58D2B194}.Debug|x64.ActiveCfg = Debug|Any CPU
		{D7AF83E1-7E20-4D74-AE5D-952B58D2B194}.Debug|x64.Build.0 = Debug|Any CPU
		{D7AF83E1-7E20-4D74-AE5D-952B58D2B194}.Debug|x86.ActiveCfg = Debug|Any CPU
		{D7AF83E1-7E20-4D74-AE5D-952B58D2B194}.Debug|x86.Build.0 = Debug|Any CPU
		{D7AF83E1-7E20-4D74-AE5D-952B58D2B194}.Release|Any CPU.ActiveCfg = Release|Any CPU
		{D7AF83E1-7E20-4D74-AE5D-952B58D2B194}.Release|Any CPU.Build.0 = Release|Any CPU
		{D7AF83E1-7E20-4D74-AE5D-952B58D2B194}.Release|x64.ActiveCfg = Release|Any CPU
		{D7AF83E1-7E20-4D74-AE5D-952B58D2B194}.Release|x64.Build.0 = Release|Any CPU
		{D7AF83E1-7E20-4D74-AE5D-952B58D2B194}.Release|x86.ActiveCfg = Release|Any CPU
		{D7AF83E1-7E20-4D74-AE5D-952B58D2B194}.Release|x86.Build.0 = Release|Any CPU
		{00C7377E-6A69-44FB-B404-610B7306C3D8}.Debug|Any CPU.ActiveCfg = Debug|Any CPU
		{00C7377E-6A69-44FB-B404-610B7306C3D8}.Debug|Any CPU.Build.0 = Debug|Any CPU
		{00C7377E-6A69-44FB-B404-610B7306C3D8}.Debug|x64.ActiveCfg = Debug|Any CPU
		{00C7377E-6A69-44FB-B404-610B7306C3D8}.Debug|x64.Build.0 = Debug|Any CPU
		{00C7377E-6A69-44FB-B404-610B7306C3D8}.Debug|x86.ActiveCfg = Debug|Any CPU
		{00C7377E-6A69-44FB-B404-610B7306C3D8}.Debug|x86.Build.0 = Debug|Any CPU
		{00C7377E-6A69-44FB-B404-610B7306C3D8}.Release|Any CPU.ActiveCfg = Release|Any CPU
		{00C7377E-6A69-44FB-B404-610B7306C3D8}.Release|Any CPU.Build.0 = Release|Any CPU
		{00C7377E-6A69-44FB-B404-610B7306C3D8}.Release|x64.ActiveCfg = Release|Any CPU
		{00C7377E-6A69-44FB-B404-610B7306C3D8}.Release|x64.Build.0 = Release|Any CPU
		{00C7377E-6A69-44FB-B404-610B7306C3D8}.Release|x86.ActiveCfg = Release|Any CPU
		{00C7377E-6A69-44FB-B404-610B7306C3D8}.Release|x86.Build.0 = Release|Any CPU
		{BE7B5E79-A5BE-409D-AD94-1D3E5F5E2F7D}.Debug|Any CPU.ActiveCfg = Debug|Any CPU
		{BE7B5E79-A5BE-409D-AD94-1D3E5F5E2F7D}.Debug|Any CPU.Build.0 = Debug|Any CPU
		{BE7B5E79-A5BE-409D-AD94-1D3E5F5E2F7D}.Debug|x64.ActiveCfg = Debug|Any CPU
		{BE7B5E79-A5BE-409D-AD94-1D3E5F5E2F7D}.Debug|x64.Build.0 = Debug|Any CPU
		{BE7B5E79-A5BE-409D-AD94-1D3E5F5E2F7D}.Debug|x86.ActiveCfg = Debug|Any CPU
		{BE7B5E79-A5BE-409D-AD94-1D3E5F5E2F7D}.Debug|x86.Build.0 = Debug|Any CPU
		{BE7B5E79-A5BE-409D-AD94-1D3E5F5E2F7D}.Release|Any CPU.ActiveCfg = Release|Any CPU
		{BE7B5E79-A5BE-409D-AD94-1D3E5F5E2F7D}.Release|Any CPU.Build.0 = Release|Any CPU
		{BE7B5E79-A5BE-409D-AD94-1D3E5F5E2F7D}.Release|x64.ActiveCfg = Release|Any CPU
		{BE7B5E79-A5BE-409D-AD94-1D3E5F5E2F7D}.Release|x64.Build.0 = Release|Any CPU
		{BE7B5E79-A5BE-409D-AD94-1D3E5F5E2F7D}.Release|x86.ActiveCfg = Release|Any CPU
		{BE7B5E79-A5BE-409D-AD94-1D3E5F5E2F7D}.Release|x86.Build.0 = Release|Any CPU
		{2E69A442-0A9A-4D71-BEEB-2D937107F8C4}.Debug|Any CPU.ActiveCfg = Debug|Any CPU
		{2E69A442-0A9A-4D71-BEEB-2D937107F8C4}.Debug|Any CPU.Build.0 = Debug|Any CPU
		{2E69A442-0A9A-4D71-BEEB-2D937107F8C4}.Debug|x64.ActiveCfg = Debug|Any CPU
		{2E69A442-0A9A-4D71-BEEB-2D937107F8C4}.Debug|x64.Build.0 = Debug|Any CPU
		{2E69A442-0A9A-4D71-BEEB-2D937107F8C4}.Debug|x86.ActiveCfg = Debug|Any CPU
		{2E69A442-0A9A-4D71-BEEB-2D937107F8C4}.Debug|x86.Build.0 = Debug|Any CPU
		{2E69A442-0A9A-4D71-BEEB-2D937107F8C4}.Release|Any CPU.ActiveCfg = Release|Any CPU
		{2E69A442-0A9A-4D71-BEEB-2D937107F8C4}.Release|Any CPU.Build.0 = Release|Any CPU
		{2E69A442-0A9A-4D71-BEEB-2D937107F8C4}.Release|x64.ActiveCfg = Release|Any CPU
		{2E69A442-0A9A-4D71-BEEB-2D937107F8C4}.Release|x64.Build.0 = Release|Any CPU
		{2E69A442-0A9A-4D71-BEEB-2D937107F8C4}.Release|x86.ActiveCfg = Release|Any CPU
		{2E69A442-0A9A-4D71-BEEB-2D937107F8C4}.Release|x86.Build.0 = Release|Any CPU
		{A7C1A2E3-54B8-4D80-92A6-7A0639C9C8EA}.Debug|Any CPU.ActiveCfg = Debug|Any CPU
		{A7C1A2E3-54B8-4D80-92A6-7A0639C9C8EA}.Debug|Any CPU.Build.0 = Debug|Any CPU
		{A7C1A2E3-54B8-4D80-92A6-7A0639C9C8EA}.Debug|x64.ActiveCfg = Debug|Any CPU
		{A7C1A2E3-54B8-4D80-92A6-7A0639C9C8EA}.Debug|x64.Build.0 = Debug|Any CPU
		{A7C1A2E3-54B8-4D80-92A6-7A0639C9C8EA}.Debug|x86.ActiveCfg = Debug|Any CPU
		{A7C1A2E3-54B8-4D80-92A6-7A0639C9C8EA}.Debug|x86.Build.0 = Debug|Any CPU
		{A7C1A2E3-54B8-4D80-92A6-7A0639C9C8EA}.Release|Any CPU.ActiveCfg = Release|Any CPU
		{A7C1A2E3-54B8-4D80-92A6-7A0639C9C8EA}.Release|Any CPU.Build.0 = Release|Any CPU
		{A7C1A2E3-54B8-4D80-92A6-7A0639C9C8EA}.Release|x64.ActiveCfg = Release|Any CPU
		{A7C1A2E3-54B8-4D80-92A6-7A0639C9C8EA}.Release|x64.Build.0 = Release|Any CPU
		{A7C1A2E3-54B8-4D80-92A6-7A0639C9C8EA}.Release|x86.ActiveCfg = Release|Any CPU
		{A7C1A2E3-54B8-4D80-92A6-7A0639C9C8EA}.Release|x86.Build.0 = Release|Any CPU
		{C1C34F9A-23C2-4A49-B3D5-3E1A7D87C023}.Debug|Any CPU.ActiveCfg = Debug|Any CPU
		{C1C34F9A-23C2-4A49-B3D5-3E1A7D87C023}.Debug|Any CPU.Build.0 = Debug|Any CPU
		{C1C34F9A-23C2-4A49-B3D5-3E1A7D87C023}.Debug|x64.ActiveCfg = Debug|Any CPU
		{C1C34F9A-23C2-4A49-B3D5-3E1A7D87C023}.Debug|x64.Build.0 = Debug|Any CPU
		{C1C34F9A-23C2-4A49-B3D5-3E1A7D87C023}.Debug|x86.ActiveCfg = Debug|Any CPU
		{C1C34F9A-23C2-4A49-B3D5-3E1A7D87C023}.Debug|x86.Build.0 = Debug|Any CPU
		{C1C34F9A-23C2-4A49-B3D5-3E1A7D87C023}.Release|Any CPU.ActiveCfg = Release|Any CPU
		{C1C34F9A-23C2-4A49-B3D5-3E1A7D87C023}.Release|Any CPU.Build.0 = Release|Any CPU
		{C1C34F9A-23C2-4A49-B3D5-3E1A7D87C023}.Release|x64.ActiveCfg = Release|Any CPU
		{C1C34F9A-23C2-4A49-B3D5-3E1A7D87C023}.Release|x64.Build.0 = Release|Any CPU
		{C1C34F9A-23C2-4A49-B3D5-3E1A7D87C023}.Release|x86.ActiveCfg = Release|Any CPU
		{C1C34F9A-23C2-4A49-B3D5-3E1A7D87C023}.Release|x86.Build.0 = Release|Any CPU
		{86ABA634-976E-412A-B268-3F7CF2DAF731}.Debug|Any CPU.ActiveCfg = Debug|Any CPU
		{86ABA634-976E-412A-B268-3F7CF2DAF731}.Debug|Any CPU.Build.0 = Debug|Any CPU
		{86ABA634-976E-412A-B268-3F7CF2DAF731}.Debug|x64.ActiveCfg = Debug|Any CPU
		{86ABA634-976E-412A-B268-3F7CF2DAF731}.Debug|x64.Build.0 = Debug|Any CPU
		{86ABA634-976E-412A-B268-3F7CF2DAF731}.Debug|x86.ActiveCfg = Debug|Any CPU
		{86ABA634-976E-412A-B268-3F7CF2DAF731}.Debug|x86.Build.0 = Debug|Any CPU
		{86ABA634-976E-412A-B268-3F7CF2DAF731}.Release|Any CPU.ActiveCfg = Release|Any CPU
		{86ABA634-976E-412A-B268-3F7CF2DAF731}.Release|Any CPU.Build.0 = Release|Any CPU
		{86ABA634-976E-412A-B268-3F7CF2DAF731}.Release|x64.ActiveCfg = Release|Any CPU
		{86ABA634-976E-412A-B268-3F7CF2DAF731}.Release|x64.Build.0 = Release|Any CPU
		{86ABA634-976E-412A-B268-3F7CF2DAF731}.Release|x86.ActiveCfg = Release|Any CPU
		{86ABA634-976E-412A-B268-3F7CF2DAF731}.Release|x86.Build.0 = Release|Any CPU
		{A6927F7C-4232-407A-8027-B0B847C5FADF}.Debug|Any CPU.ActiveCfg = Debug|Any CPU
		{A6927F7C-4232-407A-8027-B0B847C5FADF}.Debug|Any CPU.Build.0 = Debug|Any CPU
		{A6927F7C-4232-407A-8027-B0B847C5FADF}.Debug|x64.ActiveCfg = Debug|Any CPU
		{A6927F7C-4232-407A-8027-B0B847C5FADF}.Debug|x64.Build.0 = Debug|Any CPU
		{A6927F7C-4232-407A-8027-B0B847C5FADF}.Debug|x86.ActiveCfg = Debug|Any CPU
		{A6927F7C-4232-407A-8027-B0B847C5FADF}.Debug|x86.Build.0 = Debug|Any CPU
		{A6927F7C-4232-407A-8027-B0B847C5FADF}.Release|Any CPU.ActiveCfg = Release|Any CPU
		{A6927F7C-4232-407A-8027-B0B847C5FADF}.Release|Any CPU.Build.0 = Release|Any CPU
		{A6927F7C-4232-407A-8027-B0B847C5FADF}.Release|x64.ActiveCfg = Release|Any CPU
		{A6927F7C-4232-407A-8027-B0B847C5FADF}.Release|x64.Build.0 = Release|Any CPU
		{A6927F7C-4232-407A-8027-B0B847C5FADF}.Release|x86.ActiveCfg = Release|Any CPU
		{A6927F7C-4232-407A-8027-B0B847C5FADF}.Release|x86.Build.0 = Release|Any CPU
		{8F384A5D-776A-4D73-9240-5E9B57109B7A}.Debug|Any CPU.ActiveCfg = Debug|Any CPU
		{8F384A5D-776A-4D73-9240-5E9B57109B7A}.Debug|Any CPU.Build.0 = Debug|Any CPU
		{8F384A5D-776A-4D73-9240-5E9B57109B7A}.Debug|x64.ActiveCfg = Debug|Any CPU
		{8F384A5D-776A-4D73-9240-5E9B57109B7A}.Debug|x64.Build.0 = Debug|Any CPU
		{8F384A5D-776A-4D73-9240-5E9B57109B7A}.Debug|x86.ActiveCfg = Debug|Any CPU
		{8F384A5D-776A-4D73-9240-5E9B57109B7A}.Debug|x86.Build.0 = Debug|Any CPU
		{8F384A5D-776A-4D73-9240-5E9B57109B7A}.Release|Any CPU.ActiveCfg = Release|Any CPU
		{8F384A5D-776A-4D73-9240-5E9B57109B7A}.Release|Any CPU.Build.0 = Release|Any CPU
		{8F384A5D-776A-4D73-9240-5E9B57109B7A}.Release|x64.ActiveCfg = Release|Any CPU
		{8F384A5D-776A-4D73-9240-5E9B57109B7A}.Release|x64.Build.0 = Release|Any CPU
		{8F384A5D-776A-4D73-9240-5E9B57109B7A}.Release|x86.ActiveCfg = Release|Any CPU
		{8F384A5D-776A-4D73-9240-5E9B57109B7A}.Release|x86.Build.0 = Release|Any CPU
		{C48E370F-2C66-4A88-9C21-0D1B6A5E7F31}.Debug|Any CPU.ActiveCfg = Debug|Any CPU
		{C48E370F-2C66-4A88-9C21-0D1B6A5E7F31}.Debug|Any CPU.Build.0 = Debug|Any CPU
		{C48E370F-2C66-4A88-9C21-0D1B6A5E7F31}.Debug|x64.ActiveCfg = Debug|Any CPU
		{C48E370F-2C66-4A88-9C21-0D1B6A5E7F31}.Debug|x64.Build.0 = Debug|Any CPU
		{C48E370F-2C66-4A88-9C21-0D1B6A5E7F31}.Debug|x86.ActiveCfg = Debug|Any CPU
		{C48E370F-2C66-4A88-9C21-0D1B6A5E7F31}.Debug|x86.Build.0 = Debug|Any CPU
		{C48E370F-2C66-4A88-9C21-0D1B6A5E7F31}.Release|Any CPU.ActiveCfg = Release|Any CPU
		{C48E370F-2C66-4A88-9C21-0D1B6A5E7F31}.Release|Any CPU.Build.0 = Release|Any CPU
		{C48E370F-2C66-4A88-9C21-0D1B6A5E7F31}.Release|x64.ActiveCfg = Release|Any CPU
		{C48E370F-2C66-4A88-9C21-0D1B6A5E7F31}.Release|x64.Build.0 = Release|Any CPU
		{C48E370F-2C66-4A88-9C21-0D1B6A5E7F31}.Release|x86.ActiveCfg = Release|Any CPU
		{C48E370F-2C66-4A88-9C21-0D1B6A5E7F31}.Release|x86.Build.0 = Release|Any CPU
		{AD1E8008-C094-44FD-9DA9-F5F4BEF343F5}.Debug|Any CPU.ActiveCfg = Debug|Any CPU
		{AD1E8008-C094-44FD-9DA9-F5F4BEF343F5}.Debug|Any CPU.Build.0 = Debug|Any CPU
		{AD1E8008-C094-44FD-9DA9-F5F4BEF343F5}.Debug|x64.ActiveCfg = Debug|Any CPU
		{AD1E8008-C094-44FD-9DA9-F5F4BEF343F5}.Debug|x64.Build.0 = Debug|Any CPU
		{AD1E8008-C094-44FD-9DA9-F5F4BEF343F5}.Debug|x86.ActiveCfg = Debug|Any CPU
		{AD1E8008-C094-44FD-9DA9-F5F4BEF343F5}.Debug|x86.Build.0 = Debug|Any CPU
		{AD1E8008-C094-44FD-9DA9-F5F4BEF343F5}.Release|Any CPU.ActiveCfg = Release|Any CPU
		{AD1E8008-C094-44FD-9DA9-F5F4BEF343F5}.Release|Any CPU.Build.0 = Release|Any CPU
		{AD1E8008-C094-44FD-9DA9-F5F4BEF343F5}.Release|x64.ActiveCfg = Release|Any CPU
		{AD1E8008-C094-44FD-9DA9-F5F4BEF343F5}.Release|x64.Build.0 = Release|Any CPU
		{AD1E8008-C094-44FD-9DA9-F5F4BEF343F5}.Release|x86.ActiveCfg = Release|Any CPU
		{AD1E8008-C094-44FD-9DA9-F5F4BEF343F5}.Release|x86.Build.0 = Release|Any CPU
		{729DD9DD-7813-4684-AC6A-405F7E42BE0E}.Debug|Any CPU.ActiveCfg = Debug|Any CPU
		{729DD9DD-7813-4684-AC6A-405F7E42BE0E}.Debug|Any CPU.Build.0 = Debug|Any CPU
		{729DD9DD-7813-4684-AC6A-405F7E42BE0E}.Debug|x64.ActiveCfg = Debug|Any CPU
		{729DD9DD-7813-4684-AC6A-405F7E42BE0E}.Debug|x64.Build.0 = Debug|Any CPU
		{729DD9DD-7813-4684-AC6A-405F7E42BE0E}.Debug|x86.ActiveCfg = Debug|Any CPU
		{729DD9DD-7813-4684-AC6A-405F7E42BE0E}.Debug|x86.Build.0 = Debug|Any CPU
		{729DD9DD-7813-4684-AC6A-405F7E42BE0E}.Release|Any CPU.ActiveCfg = Release|Any CPU
		{729DD9DD-7813-4684-AC6A-405F7E42BE0E}.Release|Any CPU.Build.0 = Release|Any CPU
		{729DD9DD-7813-4684-AC6A-405F7E42BE0E}.Release|x64.ActiveCfg = Release|Any CPU
		{729DD9DD-7813-4684-AC6A-405F7E42BE0E}.Release|x64.Build.0 = Release|Any CPU
		{729DD9DD-7813-4684-AC6A-405F7E42BE0E}.Release|x86.ActiveCfg = Release|Any CPU
		{729DD9DD-7813-4684-AC6A-405F7E42BE0E}.Release|x86.Build.0 = Release|Any CPU
		{7D9692F8-6103-44D0-8BD6-AAE44C862A75}.Debug|Any CPU.ActiveCfg = Debug|Any CPU
		{7D9692F8-6103-44D0-8BD6-AAE44C862A75}.Debug|Any CPU.Build.0 = Debug|Any CPU
		{7D9692F8-6103-44D0-8BD6-AAE44C862A75}.Debug|x64.ActiveCfg = Debug|Any CPU
		{7D9692F8-6103-44D0-8BD6-AAE44C862A75}.Debug|x64.Build.0 = Debug|Any CPU
		{7D9692F8-6103-44D0-8BD6-AAE44C862A75}.Debug|x86.ActiveCfg = Debug|Any CPU
		{7D9692F8-6103-44D0-8BD6-AAE44C862A75}.Debug|x86.Build.0 = Debug|Any CPU
		{7D9692F8-6103-44D0-8BD6-AAE44C862A75}.Release|Any CPU.ActiveCfg = Release|Any CPU
		{7D9692F8-6103-44D0-8BD6-AAE44C862A75}.Release|Any CPU.Build.0 = Release|Any CPU
		{7D9692F8-6103-44D0-8BD6-AAE44C862A75}.Release|x64.ActiveCfg = Release|Any CPU
		{7D9692F8-6103-44D0-8BD6-AAE44C862A75}.Release|x64.Build.0 = Release|Any CPU
		{7D9692F8-6103-44D0-8BD6-AAE44C862A75}.Release|x86.ActiveCfg = Release|Any CPU
		{7D9692F8-6103-44D0-8BD6-AAE44C862A75}.Release|x86.Build.0 = Release|Any CPU
		{9C57D4E9-4B75-4E81-9A55-5B1C0A8D79E6}.Debug|Any CPU.ActiveCfg = Debug|Any CPU
		{9C57D4E9-4B75-4E81-9A55-5B1C0A8D79E6}.Debug|Any CPU.Build.0 = Debug|Any CPU
		{9C57D4E9-4B75-4E81-9A55-5B1C0A8D79E6}.Debug|x64.ActiveCfg = Debug|Any CPU
		{9C57D4E9-4B75-4E81-9A55-5B1C0A8D79E6}.Debug|x64.Build.0 = Debug|Any CPU
		{9C57D4E9-4B75-4E81-9A55-5B1C0A8D79E6}.Debug|x86.ActiveCfg = Debug|Any CPU
		{9C57D4E9-4B75-4E81-9A55-5B1C0A8D79E6}.Debug|x86.Build.0 = Debug|Any CPU
		{9C57D4E9-4B75-4E81-9A55-5B1C0A8D79E6}.Release|Any CPU.ActiveCfg = Release|Any CPU
		{9C57D4E9-4B75-4E81-9A55-5B1C0A8D79E6}.Release|Any CPU.Build.0 = Release|Any CPU
		{9C57D4E9-4B75-4E81-9A55-5B1C0A8D79E6}.Release|x64.ActiveCfg = Release|Any CPU
		{9C57D4E9-4B75-4E81-9A55-5B1C0A8D79E6}.Release|x64.Build.0 = Release|Any CPU
		{9C57D4E9-4B75-4E81-9A55-5B1C0A8D79E6}.Release|x86.ActiveCfg = Release|Any CPU
		{9C57D4E9-4B75-4E81-9A55-5B1C0A8D79E6}.Release|x86.Build.0 = Release|Any CPU
		{0D4AC0CD-8706-4D47-98E0-25A1B674F452}.Debug|Any CPU.ActiveCfg = Debug|Any CPU
		{0D4AC0CD-8706-4D47-98E0-25A1B674F452}.Debug|Any CPU.Build.0 = Debug|Any CPU
		{0D4AC0CD-8706-4D47-98E0-25A1B674F452}.Debug|x64.ActiveCfg = Debug|Any CPU
		{0D4AC0CD-8706-4D47-98E0-25A1B674F452}.Debug|x64.Build.0 = Debug|Any CPU
		{0D4AC0CD-8706-4D47-98E0-25A1B674F452}.Debug|x86.ActiveCfg = Debug|Any CPU
		{0D4AC0CD-8706-4D47-98E0-25A1B674F452}.Debug|x86.Build.0 = Debug|Any CPU
		{0D4AC0CD-8706-4D47-98E0-25A1B674F452}.Release|Any CPU.ActiveCfg = Release|Any CPU
		{0D4AC0CD-8706-4D47-98E0-25A1B674F452}.Release|Any CPU.Build.0 = Release|Any CPU
		{0D4AC0CD-8706-4D47-98E0-25A1B674F452}.Release|x64.ActiveCfg = Release|Any CPU
		{0D4AC0CD-8706-4D47-98E0-25A1B674F452}.Release|x64.Build.0 = Release|Any CPU
		{0D4AC0CD-8706-4D47-98E0-25A1B674F452}.Release|x86.ActiveCfg = Release|Any CPU
		{0D4AC0CD-8706-4D47-98E0-25A1B674F452}.Release|x86.Build.0 = Release|Any CPU
		{5B7A012C-6D2E-4F1E-8B0F-6C399E7A41D2}.Debug|Any CPU.ActiveCfg = Debug|Any CPU
		{5B7A012C-6D2E-4F1E-8B0F-6C399E7A41D2}.Debug|Any CPU.Build.0 = Debug|Any CPU
		{5B7A012C-6D2E-4F1E-8B0F-6C399E7A41D2}.Debug|x64.ActiveCfg = Debug|Any CPU
		{5B7A012C-6D2E-4F1E-8B0F-6C399E7A41D2}.Debug|x64.Build.0 = Debug|Any CPU
		{5B7A012C-6D2E-4F1E-8B0F-6C399E7A41D2}.Debug|x86.ActiveCfg = Debug|Any CPU
		{5B7A012C-6D2E-4F1E-8B0F-6C399E7A41D2}.Debug|x86.Build.0 = Debug|Any CPU
		{5B7A012C-6D2E-4F1E-8B0F-6C399E7A41D2}.Release|Any CPU.ActiveCfg = Release|Any CPU
		{5B7A012C-6D2E-4F1E-8B0F-6C399E7A41D2}.Release|Any CPU.Build.0 = Release|Any CPU
		{5B7A012C-6D2E-4F1E-8B0F-6C399E7A41D2}.Release|x64.ActiveCfg = Release|Any CPU
		{5B7A012C-6D2E-4F1E-8B0F-6C399E7A41D2}.Release|x64.Build.0 = Release|Any CPU
		{5B7A012C-6D2E-4F1E-8B0F-6C399E7A41D2}.Release|x86.ActiveCfg = Release|Any CPU
		{5B7A012C-6D2E-4F1E-8B0F-6C399E7A41D2}.Release|x86.Build.0 = Release|Any CPU
		{CEC98915-DFCF-42F2-A6CB-AD17F933A1B6}.Debug|Any CPU.ActiveCfg = Debug|Any CPU
		{CEC98915-DFCF-42F2-A6CB-AD17F933A1B6}.Debug|Any CPU.Build.0 = Debug|Any CPU
		{CEC98915-DFCF-42F2-A6CB-AD17F933A1B6}.Debug|x64.ActiveCfg = Debug|Any CPU
		{CEC98915-DFCF-42F2-A6CB-AD17F933A1B6}.Debug|x64.Build.0 = Debug|Any CPU
		{CEC98915-DFCF-42F2-A6CB-AD17F933A1B6}.Debug|x86.ActiveCfg = Debug|Any CPU
		{CEC98915-DFCF-42F2-A6CB-AD17F933A1B6}.Debug|x86.Build.0 = Debug|Any CPU
		{CEC98915-DFCF-42F2-A6CB-AD17F933A1B6}.Release|Any CPU.ActiveCfg = Release|Any CPU
		{CEC98915-DFCF-42F2-A6CB-AD17F933A1B6}.Release|Any CPU.Build.0 = Release|Any CPU
		{CEC98915-DFCF-42F2-A6CB-AD17F933A1B6}.Release|x64.ActiveCfg = Release|Any CPU
		{CEC98915-DFCF-42F2-A6CB-AD17F933A1B6}.Release|x64.Build.0 = Release|Any CPU
		{CEC98915-DFCF-42F2-A6CB-AD17F933A1B6}.Release|x86.ActiveCfg = Release|Any CPU
		{CEC98915-DFCF-42F2-A6CB-AD17F933A1B6}.Release|x86.Build.0 = Release|Any CPU
		{F5EE3465-E113-4003-ABCC-078591A0C383}.Debug|Any CPU.ActiveCfg = Debug|Any CPU
		{F5EE3465-E113-4003-ABCC-078591A0C383}.Debug|Any CPU.Build.0 = Debug|Any CPU
		{F5EE3465-E113-4003-ABCC-078591A0C383}.Debug|x64.ActiveCfg = Debug|Any CPU
		{F5EE3465-E113-4003-ABCC-078591A0C383}.Debug|x64.Build.0 = Debug|Any CPU
		{F5EE3465-E113-4003-ABCC-078591A0C383}.Debug|x86.ActiveCfg = Debug|Any CPU
		{F5EE3465-E113-4003-ABCC-078591A0C383}.Debug|x86.Build.0 = Debug|Any CPU
		{F5EE3465-E113-4003-ABCC-078591A0C383}.Release|Any CPU.ActiveCfg = Release|Any CPU
		{F5EE3465-E113-4003-ABCC-078591A0C383}.Release|Any CPU.Build.0 = Release|Any CPU
		{F5EE3465-E113-4003-ABCC-078591A0C383}.Release|x64.ActiveCfg = Release|Any CPU
		{F5EE3465-E113-4003-ABCC-078591A0C383}.Release|x64.Build.0 = Release|Any CPU
		{F5EE3465-E113-4003-ABCC-078591A0C383}.Release|x86.ActiveCfg = Release|Any CPU
		{F5EE3465-E113-4003-ABCC-078591A0C383}.Release|x86.Build.0 = Release|Any CPU
		{4C13B050-DF01-4FC6-AD9D-DAFC1836278A}.Debug|Any CPU.ActiveCfg = Debug|Any CPU
		{4C13B050-DF01-4FC6-AD9D-DAFC1836278A}.Debug|Any CPU.Build.0 = Debug|Any CPU
		{4C13B050-DF01-4FC6-AD9D-DAFC1836278A}.Debug|x64.ActiveCfg = Debug|Any CPU
		{4C13B050-DF01-4FC6-AD9D-DAFC1836278A}.Debug|x64.Build.0 = Debug|Any CPU
		{4C13B050-DF01-4FC6-AD9D-DAFC1836278A}.Debug|x86.ActiveCfg = Debug|Any CPU
		{4C13B050-DF01-4FC6-AD9D-DAFC1836278A}.Debug|x86.Build.0 = Debug|Any CPU
		{4C13B050-DF01-4FC6-AD9D-DAFC1836278A}.Release|Any CPU.ActiveCfg = Release|Any CPU
		{4C13B050-DF01-4FC6-AD9D-DAFC1836278A}.Release|Any CPU.Build.0 = Release|Any CPU
		{4C13B050-DF01-4FC6-AD9D-DAFC1836278A}.Release|x64.ActiveCfg = Release|Any CPU
		{4C13B050-DF01-4FC6-AD9D-DAFC1836278A}.Release|x64.Build.0 = Release|Any CPU
		{4C13B050-DF01-4FC6-AD9D-DAFC1836278A}.Release|x86.ActiveCfg = Release|Any CPU
		{4C13B050-DF01-4FC6-AD9D-DAFC1836278A}.Release|x86.Build.0 = Release|Any CPU
		{A67D75F6-3F97-416A-BE1B-BC20530E68A6}.Debug|Any CPU.ActiveCfg = Debug|Any CPU
		{A67D75F6-3F97-416A-BE1B-BC20530E68A6}.Debug|Any CPU.Build.0 = Debug|Any CPU
		{A67D75F6-3F97-416A-BE1B-BC20530E68A6}.Debug|x64.ActiveCfg = Debug|Any CPU
		{A67D75F6-3F97-416A-BE1B-BC20530E68A6}.Debug|x64.Build.0 = Debug|Any CPU
		{A67D75F6-3F97-416A-BE1B-BC20530E68A6}.Debug|x86.ActiveCfg = Debug|Any CPU
		{A67D75F6-3F97-416A-BE1B-BC20530E68A6}.Debug|x86.Build.0 = Debug|Any CPU
		{A67D75F6-3F97-416A-BE1B-BC20530E68A6}.Release|Any CPU.ActiveCfg = Release|Any CPU
		{A67D75F6-3F97-416A-BE1B-BC20530E68A6}.Release|Any CPU.Build.0 = Release|Any CPU
		{A67D75F6-3F97-416A-BE1B-BC20530E68A6}.Release|x64.ActiveCfg = Release|Any CPU
		{A67D75F6-3F97-416A-BE1B-BC20530E68A6}.Release|x64.Build.0 = Release|Any CPU
		{A67D75F6-3F97-416A-BE1B-BC20530E68A6}.Release|x86.ActiveCfg = Release|Any CPU
		{A67D75F6-3F97-416A-BE1B-BC20530E68A6}.Release|x86.Build.0 = Release|Any CPU
		{EF788949-AAC9-429A-89AC-42EBEFCB79DE}.Debug|Any CPU.ActiveCfg = Debug|Any CPU
		{EF788949-AAC9-429A-89AC-42EBEFCB79DE}.Debug|Any CPU.Build.0 = Debug|Any CPU
		{EF788949-AAC9-429A-89AC-42EBEFCB79DE}.Debug|x64.ActiveCfg = Debug|Any CPU
		{EF788949-AAC9-429A-89AC-42EBEFCB79DE}.Debug|x64.Build.0 = Debug|Any CPU
		{EF788949-AAC9-429A-89AC-42EBEFCB79DE}.Debug|x86.ActiveCfg = Debug|Any CPU
		{EF788949-AAC9-429A-89AC-42EBEFCB79DE}.Debug|x86.Build.0 = Debug|Any CPU
		{EF788949-AAC9-429A-89AC-42EBEFCB79DE}.Release|Any CPU.ActiveCfg = Release|Any CPU
		{EF788949-AAC9-429A-89AC-42EBEFCB79DE}.Release|Any CPU.Build.0 = Release|Any CPU
		{EF788949-AAC9-429A-89AC-42EBEFCB79DE}.Release|x64.ActiveCfg = Release|Any CPU
		{EF788949-AAC9-429A-89AC-42EBEFCB79DE}.Release|x64.Build.0 = Release|Any CPU
		{EF788949-AAC9-429A-89AC-42EBEFCB79DE}.Release|x86.ActiveCfg = Release|Any CPU
		{EF788949-AAC9-429A-89AC-42EBEFCB79DE}.Release|x86.Build.0 = Release|Any CPU
	EndGlobalSection
	GlobalSection(SolutionProperties) = preSolution
		HideSolutionNode = FALSE
	EndGlobalSection
	GlobalSection(NestedProjects) = preSolution
		{0606E1EB-EF00-4C3E-ABF0-3D9D67C2BE1F} = {827E0CD3-B72D-47B6-A68D-7590B98EB39B}
		{736071D7-49CA-40C6-9E98-5BC6F1B2265C} = {014682B3-BA2E-A573-AFAA-A9B4B15BAD1B}
		{6B94E240-3F67-42D2-B9B2-0DF2A42F141E} = {014682B3-BA2E-A573-AFAA-A9B4B15BAD1B}
		{E6599706-2139-4865-8A46-C2A663304773} = {014682B3-BA2E-A573-AFAA-A9B4B15BAD1B}
		{EFC5EB6E-8CEA-4059-B1FA-46F41C966165} = {014682B3-BA2E-A573-AFAA-A9B4B15BAD1B}
		{22013BD4-9CD1-4C3A-985E-A35CCBBBDA84} = {014682B3-BA2E-A573-AFAA-A9B4B15BAD1B}
		{352F812F-2401-4F63-9240-2C2DF1951739} = {827E0CD3-B72D-47B6-A68D-7590B98EB39B}
		{B8DDCBD6-F7C4-4C38-B433-C0F18FB0C513} = {014682B3-BA2E-A573-AFAA-A9B4B15BAD1B}
		{727FE581-AA80-44F5-B8EF-39E92DA28391} = {014682B3-BA2E-A573-AFAA-A9B4B15BAD1B}
		{15AE229C-8729-4F81-9DDB-28A18171C80A} = {014682B3-BA2E-A573-AFAA-A9B4B15BAD1B}
		{AA7501B0-C60A-4C95-9D77-997AAA7D239D} = {827E0CD3-B72D-47B6-A68D-7590B98EB39B}
		{D0DE16FF-9814-4663-AC31-C5F341F53C2E} = {5081215B-A8D2-606B-0497-D199D4ED2BF3}
		{1052E687-7915-4749-A7A9-9CCCFFA87B74} = {5081215B-A8D2-606B-0497-D199D4ED2BF3}
		{1A68F3F9-9BAB-4F7C-95D9-45D2236974DD} = {827E0CD3-B72D-47B6-A68D-7590B98EB39B}
		{62EA90A8-9159-4CE6-B540-81FD1BC15BEC} = {C8D5274F-AC00-46C7-1F8D-E88E81087A52}
		{9AAA3FA0-CA29-42C3-BB8F-72633E7736AC} = {014682B3-BA2E-A573-AFAA-A9B4B15BAD1B}
		{F677F82B-3200-4F73-9852-220190AFD914} = {014682B3-BA2E-A573-AFAA-A9B4B15BAD1B}
		{1F3B6A0B-AA88-483C-B349-E33E41A80B5B} = {014682B3-BA2E-A573-AFAA-A9B4B15BAD1B}
		{3C00EDFF-9946-4C2E-913E-153ED6DAD770} = {014682B3-BA2E-A573-AFAA-A9B4B15BAD1B}
		{16E04F11-8198-4422-81C6-AEDB9AD62BD4} = {014682B3-BA2E-A573-AFAA-A9B4B15BAD1B}
		{4CFCA739-80B3-42E9-BA0F-4869E64C1EFA} = {014682B3-BA2E-A573-AFAA-A9B4B15BAD1B}
		{C6B11A63-5664-4A0B-9A24-5C29AC8AE3A0} = {014682B3-BA2E-A573-AFAA-A9B4B15BAD1B}
		{CF87F741-E759-44DB-8372-98700DD085E1} = {014682B3-BA2E-A573-AFAA-A9B4B15BAD1B}
		{014682B3-BA2E-A573-AFAA-A9B4B15BAD1B} = {E3D23626-57FC-497B-BECB-678708C21BF0}
		{89F1074F-34B7-49DC-802F-ED624EA2EDE3} = {014682B3-BA2E-A573-AFAA-A9B4B15BAD1B}
		{B3A631C9-7A6E-4E30-8BE7-D4F5AE27C901} = {827E0CD3-B72D-47B6-A68D-7590B98EB39B}
		{9CA15925-9A90-4791-8B3C-70D89D365E7A} = {014682B3-BA2E-A573-AFAA-A9B4B15BAD1B}
		{2CAB45B5-1A2F-4A86-866F-35468B3E446F} = {827E0CD3-B72D-47B6-A68D-7590B98EB39B}
		{648B7B2E-77A8-B90F-623A-E38891A836D0} = {827E0CD3-B72D-47B6-A68D-7590B98EB39B}
		{16701C40-D8DF-4B81-8260-ED3F3B0D4163} = {0AB3BF05-4346-4AA6-1389-037BE0695223}
		{EF1E94B9-456E-4FA9-BA60-D783C0EE68AA} = {014682B3-BA2E-A573-AFAA-A9B4B15BAD1B}
		{6C893C19-79B4-4F77-91F4-8CFF13A328A2} = {014682B3-BA2E-A573-AFAA-A9B4B15BAD1B}
		{B724CB4A-2D54-4C89-95B2-7C3C7B5B3974} = {C8D5274F-AC00-46C7-1F8D-E88E81087A52}
		{C8D5274F-AC00-46C7-1F8D-E88E81087A52} = {E3D23626-57FC-497B-BECB-678708C21BF0}
		{D7AF83E1-7E20-4D74-AE5D-952B58D2B194} = {014682B3-BA2E-A573-AFAA-A9B4B15BAD1B}
		{00C7377E-6A69-44FB-B404-610B7306C3D8} = {014682B3-BA2E-A573-AFAA-A9B4B15BAD1B}
		{32D11B4C-00F7-D8E2-AE32-62CBDB4A0924} = {E3D23626-57FC-497B-BECB-678708C21BF0}
		{BE7B5E79-A5BE-409D-AD94-1D3E5F5E2F7D} = {32D11B4C-00F7-D8E2-AE32-62CBDB4A0924}
		{2E69A442-0A9A-4D71-BEEB-2D937107F8C4} = {32D11B4C-00F7-D8E2-AE32-62CBDB4A0924}
		{A7C1A2E3-54B8-4D80-92A6-7A0639C9C8EA} = {32D11B4C-00F7-D8E2-AE32-62CBDB4A0924}
		{C1C34F9A-23C2-4A49-B3D5-3E1A7D87C023} = {32D11B4C-00F7-D8E2-AE32-62CBDB4A0924}
		{86ABA634-976E-412A-B268-3F7CF2DAF731} = {827E0CD3-B72D-47B6-A68D-7590B98EB39B}
		{A6927F7C-4232-407A-8027-B0B847C5FADF} = {5081215B-A8D2-606B-0497-D199D4ED2BF3}
		{8F384A5D-776A-4D73-9240-5E9B57109B7A} = {0AB3BF05-4346-4AA6-1389-037BE0695223}
		{C48E370F-2C66-4A88-9C21-0D1B6A5E7F31} = {0AB3BF05-4346-4AA6-1389-037BE0695223}
		{AD1E8008-C094-44FD-9DA9-F5F4BEF343F5} = {3F5B9EC4-7309-4F65-BF3C-9FFF9D157B8E}
		{729DD9DD-7813-4684-AC6A-405F7E42BE0E} = {3F5B9EC4-7309-4F65-BF3C-9FFF9D157B8E}
		{7D9692F8-6103-44D0-8BD6-AAE44C862A75} = {32D11B4C-00F7-D8E2-AE32-62CBDB4A0924}
		{9C57D4E9-4B75-4E81-9A55-5B1C0A8D79E6} = {32D11B4C-00F7-D8E2-AE32-62CBDB4A0924}
		{0D4AC0CD-8706-4D47-98E0-25A1B674F452} = {32D11B4C-00F7-D8E2-AE32-62CBDB4A0924}
		{5B7A012C-6D2E-4F1E-8B0F-6C399E7A41D2} = {32D11B4C-00F7-D8E2-AE32-62CBDB4A0924}
		{3F5B9EC4-7309-4F65-BF3C-9FFF9D157B8E} = {827E0CD3-B72D-47B6-A68D-7590B98EB39B}
		{CEC98915-DFCF-42F2-A6CB-AD17F933A1B6} = {32D11B4C-00F7-D8E2-AE32-62CBDB4A0924}
		{FD93FF4E-6442-083D-08FA-77EBA5215E6F} = {014682B3-BA2E-A573-AFAA-A9B4B15BAD1B}
		{F5EE3465-E113-4003-ABCC-078591A0C383} = {FD93FF4E-6442-083D-08FA-77EBA5215E6F}
		{4C13B050-DF01-4FC6-AD9D-DAFC1836278A} = {FD93FF4E-6442-083D-08FA-77EBA5215E6F}
		{7BEB58EE-D6DE-2982-F4A5-D0CF905B36C5} = {5081215B-A8D2-606B-0497-D199D4ED2BF3}
		{A67D75F6-3F97-416A-BE1B-BC20530E68A6} = {7BEB58EE-D6DE-2982-F4A5-D0CF905B36C5}
		{EF788949-AAC9-429A-89AC-42EBEFCB79DE} = {7BEB58EE-D6DE-2982-F4A5-D0CF905B36C5}
	EndGlobalSection
	GlobalSection(ExtensibilityGlobals) = postSolution
		SolutionGuid = {60E634DF-C48E-4831-AB77-BDA337A7DF2C}
	EndGlobalSection
EndGlobal
