
Microsoft Visual Studio Solution File, Format Version 12.00
# Visual Studio Version 17
VisualStudioVersion = 17.11.35327.3
MinimumVisualStudioVersion = 10.0.40219.1
Project("{2150E333-8FDC-42A3-9474-1A3956D46DE8}") = "samples", "samples", "{E3D23626-57FC-497B-BECB-678708C21BF0}"
EndProject
Project("{9A19103F-16F7-4668-BE54-9A1E7A4F7556}") = "Nuri.WPF", "src\Nuri.WPF\Nuri.WPF.csproj", "{0606E1EB-EF00-4C3E-ABF0-3D9D67C2BE1F}"
EndProject
Project("{9A19103F-16F7-4668-BE54-9A1E7A4F7556}") = "NuriSample", "samples\NuriSample\NuriSample.csproj", "{736071D7-49CA-40C6-9E98-5BC6F1B2265C}"
EndProject
Project("{9A19103F-16F7-4668-BE54-9A1E7A4F7556}") = "GridTest", "samples\GridTest\GridTest.csproj", "{22013BD4-9CD1-4C3A-985E-A35CCBBBDA84}"
EndProject
Project("{9A19103F-16F7-4668-BE54-9A1E7A4F7556}") = "Nuri.Template", "src\Nuri.Template\Nuri.Template.csproj", "{352F812F-2401-4F63-9240-2C2DF1951739}"
EndProject
Project("{9A19103F-16F7-4668-BE54-9A1E7A4F7556}") = "DiffingEngineTest", "samples\DiffingEngineTest\DiffingEngineTest.csproj", "{B8DDCBD6-F7C4-4C38-B433-C0F18FB0C513}"
EndProject
Project("{9A19103F-16F7-4668-BE54-9A1E7A4F7556}") = "ContentControlChildrenTest", "samples\ContentControlChildrenTest\ContentControlChildrenTest.csproj", "{727FE581-AA80-44F5-B8EF-39E92DA28391}"
EndProject
Project("{9A19103F-16F7-4668-BE54-9A1E7A4F7556}") = "BorderTest", "samples\BorderTest\BorderTest.csproj", "{15AE229C-8729-4F81-9DDB-28A18171C80A}"
EndProject
Project("{2150E333-8FDC-42A3-9474-1A3956D46DE8}") = "Live", "Live", "{C86FABC7-B6A2-41F1-BD9F-2F200C4E2A95}"
EndProject
Project("{2150E333-8FDC-42A3-9474-1A3956D46DE8}") = "src", "src", "{827E0CD3-B72D-47B6-A68D-7590B98EB39B}"
EndProject
Project("{FAE04EC0-301F-11D3-BF4B-00C04F79EFBC}") = "Nuri", "src\Nuri\Nuri.csproj", "{AA7501B0-C60A-4C95-9D77-997AAA7D239D}"
EndProject
Project("{2150E333-8FDC-42A3-9474-1A3956D46DE8}") = "perf", "perf", "{5081215B-A8D2-606B-0497-D199D4ED2BF3}"
EndProject
Project("{FAE04EC0-301F-11D3-BF4B-00C04F79EFBC}") = "Nuri.Performance", "perf\Nuri.Performance\Nuri.Performance.csproj", "{D0DE16FF-9814-4663-AC31-C5F341F53C2E}"
EndProject
Project("{FAE04EC0-301F-11D3-BF4B-00C04F79EFBC}") = "Nuri.WPFPerformance", "perf\Nuri.WPFPerformance\Nuri.WPFPerformance.csproj", "{1052E687-7915-4749-A7A9-9CCCFFA87B74}"
EndProject
Project("{FAE04EC0-301F-11D3-BF4B-00C04F79EFBC}") = "Nuri.Avalonia", "src\Nuri.Avalonia\Nuri.Avalonia.csproj", "{1A68F3F9-9BAB-4F7C-95D9-45D2236974DD}"
EndProject
Project("{FAE04EC0-301F-11D3-BF4B-00C04F79EFBC}") = "NuriFlowSample", "samples\NuriFlowSample\NuriFlowSample.csproj", "{2272CE87-F41A-4E7B-8178-C03E5262C23F}"
EndProject
Project("{FAE04EC0-301F-11D3-BF4B-00C04F79EFBC}") = "Nuri.OpenSilver", "src\Nuri.OpenSilver\Nuri.OpenSilver.csproj", "{77CB6374-A795-4ED1-9CD6-CA85BDD03F81}"
EndProject
Project("{FAE04EC0-301F-11D3-BF4B-00C04F79EFBC}") = "Nuri.MewUI", "src\Nuri.MewUI\Nuri.MewUI.csproj", "{3BA1DEB1-38FE-4A9D-8D5D-6CC74A710F65}"
EndProject
Project("{FAE04EC0-301F-11D3-BF4B-00C04F79EFBC}") = "NuriFlowProbe", "samples\NuriFlowProbe\NuriFlowProbe.csproj", "{0A15F0D9-D287-4AD8-BEF4-60CC48C58FA9}"
EndProject
Global
	GlobalSection(SolutionConfigurationPlatforms) = preSolution
		Debug|Any CPU = Debug|Any CPU
		Debug|x64 = Debug|x64
		Debug|x86 = Debug|x86
		Release|Any CPU = Release|Any CPU
		Release|x64 = Release|x64
		Release|x86 = Release|x86
	EndGlobalSection
	GlobalSection(ProjectConfigurationPlatforms) = postSolution
		{0606E1EB-EF00-4C3E-ABF0-3D9D67C2BE1F}.Debug|Any CPU.ActiveCfg = Debug|Any CPU
		{0606E1EB-EF00-4C3E-ABF0-3D9D67C2BE1F}.Debug|Any CPU.Build.0 = Debug|Any CPU
		{0606E1EB-EF00-4C3E-ABF0-3D9D67C2BE1F}.Debug|x64.ActiveCfg = Debug|Any CPU
		{0606E1EB-EF00-4C3E-ABF0-3D9D67C2BE1F}.Debug|x64.Build.0 = Debug|Any CPU
		{0606E1EB-EF00-4C3E-ABF0-3D9D67C2BE1F}.Debug|x86.ActiveCfg = Debug|Any CPU
		{0606E1EB-EF00-4C3E-ABF0-3D9D67C2BE1F}.Debug|x86.Build.0 = Debug|Any CPU
		{0606E1EB-EF00-4C3E-ABF0-3D9D67C2BE1F}.Release|Any CPU.ActiveCfg = Release|Any CPU
		{0606E1EB-EF00-4C3E-ABF0-3D9D67C2BE1F}.Release|Any CPU.Build.0 = Release|Any CPU
		{0606E1EB-EF00-4C3E-ABF0-3D9D67C2BE1F}.Release|x64.ActiveCfg = Release|Any CPU
		{0606E1EB-EF00-4C3E-ABF0-3D9D67C2BE1F}.Release|x64.Build.0 = Release|Any CPU
		{0606E1EB-EF00-4C3E-ABF0-3D9D67C2BE1F}.Release|x86.ActiveCfg = Release|Any CPU
		{0606E1EB-EF00-4C3E-ABF0-3D9D67C2BE1F}.Release|x86.Build.0 = Release|Any CPU
		{736071D7-49CA-40C6-9E98-5BC6F1B2265C}.Debug|Any CPU.ActiveCfg = Debug|Any CPU
		{736071D7-49CA-40C6-9E98-5BC6F1B2265C}.Debug|Any CPU.Build.0 = Debug|Any CPU
		{736071D7-49CA-40C6-9E98-5BC6F1B2265C}.Debug|x64.ActiveCfg = Debug|Any CPU
		{736071D7-49CA-40C6-9E98-5BC6F1B2265C}.Debug|x64.Build.0 = Debug|Any CPU
		{736071D7-49CA-40C6-9E98-5BC6F1B2265C}.Debug|x86.ActiveCfg = Debug|Any CPU
		{736071D7-49CA-40C6-9E98-5BC6F1B2265C}.Debug|x86.Build.0 = Debug|Any CPU
		{736071D7-49CA-40C6-9E98-5BC6F1B2265C}.Release|Any CPU.ActiveCfg = Release|Any CPU
		{736071D7-49CA-40C6-9E98-5BC6F1B2265C}.Release|Any CPU.Build.0 = Release|Any CPU
		{736071D7-49CA-40C6-9E98-5BC6F1B2265C}.Release|x64.ActiveCfg = Release|Any CPU
		{736071D7-49CA-40C6-9E98-5BC6F1B2265C}.Release|x64.Build.0 = Release|Any CPU
		{736071D7-49CA-40C6-9E98-5BC6F1B2265C}.Release|x86.ActiveCfg = Release|Any CPU
		{736071D7-49CA-40C6-9E98-5BC6F1B2265C}.Release|x86.Build.0 = Release|Any CPU
		{22013BD4-9CD1-4C3A-985E-A35CCBBBDA84}.Debug|Any CPU.ActiveCfg = Debug|Any CPU
		{22013BD4-9CD1-4C3A-985E-A35CCBBBDA84}.Debug|Any CPU.Build.0 = Debug|Any CPU
		{22013BD4-9CD1-4C3A-985E-A35CCBBBDA84}.Debug|x64.ActiveCfg = Debug|Any CPU
		{22013BD4-9CD1-4C3A-985E-A35CCBBBDA84}.Debug|x64.Build.0 = Debug|Any CPU
		{22013BD4-9CD1-4C3A-985E-A35CCBBBDA84}.Debug|x86.ActiveCfg = Debug|Any CPU
		{22013BD4-9CD1-4C3A-985E-A35CCBBBDA84}.Debug|x86.Build.0 = Debug|Any CPU
		{22013BD4-9CD1-4C3A-985E-A35CCBBBDA84}.Release|Any CPU.ActiveCfg = Release|Any CPU
		{22013BD4-9CD1-4C3A-985E-A35CCBBBDA84}.Release|Any CPU.Build.0 = Release|Any CPU
		{22013BD4-9CD1-4C3A-985E-A35CCBBBDA84}.Release|x64.ActiveCfg = Release|Any CPU
		{22013BD4-9CD1-4C3A-985E-A35CCBBBDA84}.Release|x64.Build.0 = Release|Any CPU
		{22013BD4-9CD1-4C3A-985E-A35CCBBBDA84}.Release|x86.ActiveCfg = Release|Any CPU
		{22013BD4-9CD1-4C3A-985E-A35CCBBBDA84}.Release|x86.Build.0 = Release|Any CPU
		{352F812F-2401-4F63-9240-2C2DF1951739}.Debug|Any CPU.ActiveCfg = Debug|Any CPU
		{352F812F-2401-4F63-9240-2C2DF1951739}.Debug|Any CPU.Build.0 = Debug|Any CPU
		{352F812F-2401-4F63-9240-2C2DF1951739}.Debug|x64.ActiveCfg = Debug|Any CPU
		{352F812F-2401-4F63-9240-2C2DF1951739}.Debug|x64.Build.0 = Debug|Any CPU
		{352F812F-2401-4F63-9240-2C2DF1951739}.Debug|x86.ActiveCfg = Debug|Any CPU
		{352F812F-2401-4F63-9240-2C2DF1951739}.Debug|x86.Build.0 = Debug|Any CPU
		{352F812F-2401-4F63-9240-2C2DF1951739}.Release|Any CPU.ActiveCfg = Release|Any CPU
		{352F812F-2401-4F63-9240-2C2DF1951739}.Release|Any CPU.Build.0 = Release|Any CPU
		{352F812F-2401-4F63-9240-2C2DF1951739}.Release|x64.ActiveCfg = Release|Any CPU
		{352F812F-2401-4F63-9240-2C2DF1951739}.Release|x64.Build.0 = Release|Any CPU
		{352F812F-2401-4F63-9240-2C2DF1951739}.Release|x86.ActiveCfg = Release|Any CPU
		{352F812F-2401-4F63-9240-2C2DF1951739}.Release|x86.Build.0 = Release|Any CPU
		{B8DDCBD6-F7C4-4C38-B433-C0F18FB0C513}.Debug|Any CPU.ActiveCfg = Debug|Any CPU
		{B8DDCBD6-F7C4-4C38-B433-C0F18FB0C513}.Debug|Any CPU.Build.0 = Debug|Any CPU
		{B8DDCBD6-F7C4-4C38-B433-C0F18FB0C513}.Debug|x64.ActiveCfg = Debug|Any CPU
		{B8DDCBD6-F7C4-4C38-B433-C0F18FB0C513}.Debug|x64.Build.0 = Debug|Any CPU
		{B8DDCBD6-F7C4-4C38-B433-C0F18FB0C513}.Debug|x86.ActiveCfg = Debug|Any CPU
		{B8DDCBD6-F7C4-4C38-B433-C0F18FB0C513}.Debug|x86.Build.0 = Debug|Any CPU
		{B8DDCBD6-F7C4-4C38-B433-C0F18FB0C513}.Release|Any CPU.ActiveCfg = Release|Any CPU
		{B8DDCBD6-F7C4-4C38-B433-C0F18FB0C513}.Release|Any CPU.Build.0 = Release|Any CPU
		{B8DDCBD6-F7C4-4C38-B433-C0F18FB0C513}.Release|x64.ActiveCfg = Release|Any CPU
		{B8DDCBD6-F7C4-4C38-B433-C0F18FB0C513}.Release|x64.Build.0 = Release|Any CPU
		{B8DDCBD6-F7C4-4C38-B433-C0F18FB0C513}.Release|x86.ActiveCfg = Release|Any CPU
		{B8DDCBD6-F7C4-4C38-B433-C0F18FB0C513}.Release|x86.Build.0 = Release|Any CPU
		{727FE581-AA80-44F5-B8EF-39E92DA28391}.Debug|Any CPU.ActiveCfg = Debug|Any CPU
		{727FE581-AA80-44F5-B8EF-39E92DA28391}.Debug|Any CPU.Build.0 = Debug|Any CPU
		{727FE581-AA80-44F5-B8EF-39E92DA28391}.Debug|x64.ActiveCfg = Debug|Any CPU
		{727FE581-AA80-44F5-B8EF-39E92DA28391}.Debug|x64.Build.0 = Debug|Any CPU
		{727FE581-AA80-44F5-B8EF-39E92DA28391}.Debug|x86.ActiveCfg = Debug|Any CPU
		{727FE581-AA80-44F5-B8EF-39E92DA28391}.Debug|x86.Build.0 = Debug|Any CPU
		{727FE581-AA80-44F5-B8EF-39E92DA28391}.Release|Any CPU.ActiveCfg = Release|Any CPU
		{727FE581-AA80-44F5-B8EF-39E92DA28391}.Release|Any CPU.Build.0 = Release|Any CPU
		{727FE581-AA80-44F5-B8EF-39E92DA28391}.Release|x64.ActiveCfg = Release|Any CPU
		{727FE581-AA80-44F5-B8EF-39E92DA28391}.Release|x64.Build.0 = Release|Any CPU
		{727FE581-AA80-44F5-B8EF-39E92DA28391}.Release|x86.ActiveCfg = Release|Any CPU
		{727FE581-AA80-44F5-B8EF-39E92DA28391}.Release|x86.Build.0 = Release|Any CPU
		{15AE229C-8729-4F81-9DDB-28A18171C80A}.Debug|Any CPU.ActiveCfg = Debug|Any CPU
		{15AE229C-8729-4F81-9DDB-28A18171C80A}.Debug|Any CPU.Build.0 = Debug|Any CPU
		{15AE229C-8729-4F81-9DDB-28A18171C80A}.Debug|x64.ActiveCfg = Debug|Any CPU
		{15AE229C-8729-4F81-9DDB-28A18171C80A}.Debug|x64.Build.0 = Debug|Any CPU
		{15AE229C-8729-4F81-9DDB-28A18171C80A}.Debug|x86.ActiveCfg = Debug|Any CPU
		{15AE229C-8729-4F81-9DDB-28A18171C80A}.Debug|x86.Build.0 = Debug|Any CPU
		{15AE229C-8729-4F81-9DDB-28A18171C80A}.Release|Any CPU.ActiveCfg = Release|Any CPU
		{15AE229C-8729-4F81-9DDB-28A18171C80A}.Release|Any CPU.Build.0 = Release|Any CPU
		{15AE229C-8729-4F81-9DDB-28A18171C80A}.Release|x64.ActiveCfg = Release|Any CPU
		{15AE229C-8729-4F81-9DDB-28A18171C80A}.Release|x64.Build.0 = Release|Any CPU
		{15AE229C-8729-4F81-9DDB-28A18171C80A}.Release|x86.ActiveCfg = Release|Any CPU
		{15AE229C-8729-4F81-9DDB-28A18171C80A}.Release|x86.Build.0 = Release|Any CPU
		{AA7501B0-C60A-4C95-9D77-997AAA7D239D}.Debug|Any CPU.ActiveCfg = Debug|Any CPU
		{AA7501B0-C60A-4C95-9D77-997AAA7D239D}.Debug|Any CPU.Build.0 = Debug|Any CPU
		{AA7501B0-C60A-4C95-9D77-997AAA7D239D}.Debug|x64.ActiveCfg = Debug|Any CPU
		{AA7501B0-C60A-4C95-9D77-997AAA7D239D}.Debug|x64.Build.0 = Debug|Any CPU
		{AA7501B0-C60A-4C95-9D77-997AAA7D239D}.Debug|x86.ActiveCfg = Debug|Any CPU
		{AA7501B0-C60A-4C95-9D77-997AAA7D239D}.Debug|x86.Build.0 = Debug|Any CPU
		{AA7501B0-C60A-4C95-9D77-997AAA7D239D}.Release|Any CPU.ActiveCfg = Release|Any CPU
		{AA7501B0-C60A-4C95-9D77-997AAA7D239D}.Release|Any CPU.Build.0 = Release|Any CPU
		{AA7501B0-C60A-4C95-9D77-997AAA7D239D}.Release|x64.ActiveCfg = Release|Any CPU
		{AA7501B0-C60A-4C95-9D77-997AAA7D239D}.Release|x64.Build.0 = Release|Any CPU
		{AA7501B0-C60A-4C95-9D77-997AAA7D239D}.Release|x86.ActiveCfg = Release|Any CPU
		{AA7501B0-C60A-4C95-9D77-997AAA7D239D}.Release|x86.Build.0 = Release|Any CPU
		{D0DE16FF-9814-4663-AC31-C5F341F53C2E}.Debug|Any CPU.ActiveCfg = Debug|Any CPU
		{D0DE16FF-9814-4663-AC31-C5F341F53C2E}.Debug|Any CPU.Build.0 = Debug|Any CPU
		{D0DE16FF-9814-4663-AC31-C5F341F53C2E}.Debug|x64.ActiveCfg = Debug|Any CPU
		{D0DE16FF-9814-4663-AC31-C5F341F53C2E}.Debug|x64.Build.0 = Debug|Any CPU
		{D0DE16FF-9814-4663-AC31-C5F341F53C2E}.Debug|x86.ActiveCfg = Debug|Any CPU
		{D0DE16FF-9814-4663-AC31-C5F341F53C2E}.Debug|x86.Build.0 = Debug|Any CPU
		{D0DE16FF-9814-4663-AC31-C5F341F53C2E}.Release|Any CPU.ActiveCfg = Release|Any CPU
		{D0DE16FF-9814-4663-AC31-C5F341F53C2E}.Release|Any CPU.Build.0 = Release|Any CPU
		{D0DE16FF-9814-4663-AC31-C5F341F53C2E}.Release|x64.ActiveCfg = Release|Any CPU
		{D0DE16FF-9814-4663-AC31-C5F341F53C2E}.Release|x64.Build.0 = Release|Any CPU
		{D0DE16FF-9814-4663-AC31-C5F341F53C2E}.Release|x86.ActiveCfg = Release|Any CPU
		{D0DE16FF-9814-4663-AC31-C5F341F53C2E}.Release|x86.Build.0 = Release|Any CPU
		{1052E687-7915-4749-A7A9-9CCCFFA87B74}.Debug|Any CPU.ActiveCfg = Debug|Any CPU
		{1052E687-7915-4749-A7A9-9CCCFFA87B74}.Debug|Any CPU.Build.0 = Debug|Any CPU
		{1052E687-7915-4749-A7A9-9CCCFFA87B74}.Debug|x64.ActiveCfg = Debug|Any CPU
		{1052E687-7915-4749-A7A9-9CCCFFA87B74}.Debug|x64.Build.0 = Debug|Any CPU
		{1052E687-7915-4749-A7A9-9CCCFFA87B74}.Debug|x86.ActiveCfg = Debug|Any CPU
		{1052E687-7915-4749-A7A9-9CCCFFA87B74}.Debug|x86.Build.0 = Debug|Any CPU
		{1052E687-7915-4749-A7A9-9CCCFFA87B74}.Release|Any CPU.ActiveCfg = Release|Any CPU
		{1052E687-7915-4749-A7A9-9CCCFFA87B74}.Release|Any CPU.Build.0 = Release|Any CPU
		{1052E687-7915-4749-A7A9-9CCCFFA87B74}.Release|x64.ActiveCfg = Release|Any CPU
		{1052E687-7915-4749-A7A9-9CCCFFA87B74}.Release|x64.Build.0 = Release|Any CPU
		{1052E687-7915-4749-A7A9-9CCCFFA87B74}.Release|x86.ActiveCfg = Release|Any CPU
		{1052E687-7915-4749-A7A9-9CCCFFA87B74}.Release|x86.Build.0 = Release|Any CPU
		{1A68F3F9-9BAB-4F7C-95D9-45D2236974DD}.Debug|Any CPU.ActiveCfg = Debug|Any CPU
		{1A68F3F9-9BAB-4F7C-95D9-45D2236974DD}.Debug|Any CPU.Build.0 = Debug|Any CPU
		{1A68F3F9-9BAB-4F7C-95D9-45D2236974DD}.Debug|x64.ActiveCfg = Debug|Any CPU
		{1A68F3F9-9BAB-4F7C-95D9-45D2236974DD}.Debug|x64.Build.0 = Debug|Any CPU
		{1A68F3F9-9BAB-4F7C-95D9-45D2236974DD}.Debug|x86.ActiveCfg = Debug|Any CPU
		{1A68F3F9-9BAB-4F7C-95D9-45D2236974DD}.Debug|x86.Build.0 = Debug|Any CPU
		{1A68F3F9-9BAB-4F7C-95D9-45D2236974DD}.Release|Any CPU.ActiveCfg = Release|Any CPU
		{1A68F3F9-9BAB-4F7C-95D9-45D2236974DD}.Release|Any CPU.Build.0 = Release|Any CPU
		{1A68F3F9-9BAB-4F7C-95D9-45D2236974DD}.Release|x64.ActiveCfg = Release|Any CPU
		{1A68F3F9-9BAB-4F7C-95D9-45D2236974DD}.Release|x64.Build.0 = Release|Any CPU
		{1A68F3F9-9BAB-4F7C-95D9-45D2236974DD}.Release|x86.ActiveCfg = Release|Any CPU
		{1A68F3F9-9BAB-4F7C-95D9-45D2236974DD}.Release|x86.Build.0 = Release|Any CPU
		{2272CE87-F41A-4E7B-8178-C03E5262C23F}.Debug|Any CPU.ActiveCfg = Debug|Any CPU
		{2272CE87-F41A-4E7B-8178-C03E5262C23F}.Debug|Any CPU.Build.0 = Debug|Any CPU
		{2272CE87-F41A-4E7B-8178-C03E5262C23F}.Debug|x64.ActiveCfg = Debug|Any CPU
		{2272CE87-F41A-4E7B-8178-C03E5262C23F}.Debug|x64.Build.0 = Debug|Any CPU
		{2272CE87-F41A-4E7B-8178-C03E5262C23F}.Debug|x86.ActiveCfg = Debug|Any CPU
		{2272CE87-F41A-4E7B-8178-C03E5262C23F}.Debug|x86.Build.0 = Debug|Any CPU
		{2272CE87-F41A-4E7B-8178-C03E5262C23F}.Release|Any CPU.ActiveCfg = Release|Any CPU
		{2272CE87-F41A-4E7B-8178-C03E5262C23F}.Release|Any CPU.Build.0 = Release|Any CPU
		{2272CE87-F41A-4E7B-8178-C03E5262C23F}.Release|x64.ActiveCfg = Release|Any CPU
		{2272CE87-F41A-4E7B-8178-C03E5262C23F}.Release|x64.Build.0 = Release|Any CPU
		{2272CE87-F41A-4E7B-8178-C03E5262C23F}.Release|x86.ActiveCfg = Release|Any CPU
		{2272CE87-F41A-4E7B-8178-C03E5262C23F}.Release|x86.Build.0 = Release|Any CPU
		{77CB6374-A795-4ED1-9CD6-CA85BDD03F81}.Debug|Any CPU.ActiveCfg = Debug|Any CPU
		{77CB6374-A795-4ED1-9CD6-CA85BDD03F81}.Debug|Any CPU.Build.0 = Debug|Any CPU
		{77CB6374-A795-4ED1-9CD6-CA85BDD03F81}.Debug|x64.ActiveCfg = Debug|Any CPU
		{77CB6374-A795-4ED1-9CD6-CA85BDD03F81}.Debug|x64.Build.0 = Debug|Any CPU
		{77CB6374-A795-4ED1-9CD6-CA85BDD03F81}.Debug|x86.ActiveCfg = Debug|Any CPU
		{77CB6374-A795-4ED1-9CD6-CA85BDD03F81}.Debug|x86.Build.0 = Debug|Any CPU
		{77CB6374-A795-4ED1-9CD6-CA85BDD03F81}.Release|Any CPU.ActiveCfg = Release|Any CPU
		{77CB6374-A795-4ED1-9CD6-CA85BDD03F81}.Release|Any CPU.Build.0 = Release|Any CPU
		{77CB6374-A795-4ED1-9CD6-CA85BDD03F81}.Release|x64.ActiveCfg = Release|Any CPU
		{77CB6374-A795-4ED1-9CD6-CA85BDD03F81}.Release|x64.Build.0 = Release|Any CPU
		{77CB6374-A795-4ED1-9CD6-CA85BDD03F81}.Release|x86.ActiveCfg = Release|Any CPU
		{77CB6374-A795-4ED1-9CD6-CA85BDD03F81}.Release|x86.Build.0 = Release|Any CPU
		{3BA1DEB1-38FE-4A9D-8D5D-6CC74A710F65}.Debug|Any CPU.ActiveCfg = Debug|Any CPU
		{3BA1DEB1-38FE-4A9D-8D5D-6CC74A710F65}.Debug|Any CPU.Build.0 = Debug|Any CPU
		{3BA1DEB1-38FE-4A9D-8D5D-6CC74A710F65}.Debug|x64.ActiveCfg = Debug|Any CPU
		{3BA1DEB1-38FE-4A9D-8D5D-6CC74A710F65}.Debug|x64.Build.0 = Debug|Any CPU
		{3BA1DEB1-38FE-4A9D-8D5D-6CC74A710F65}.Debug|x86.ActiveCfg = Debug|Any CPU
		{3BA1DEB1-38FE-4A9D-8D5D-6CC74A710F65}.Debug|x86.Build.0 = Debug|Any CPU
		{3BA1DEB1-38FE-4A9D-8D5D-6CC74A710F65}.Release|Any CPU.ActiveCfg = Release|Any CPU
		{3BA1DEB1-38FE-4A9D-8D5D-6CC74A710F65}.Release|Any CPU.Build.0 = Release|Any CPU
		{3BA1DEB1-38FE-4A9D-8D5D-6CC74A710F65}.Release|x64.ActiveCfg = Release|Any CPU
		{3BA1DEB1-38FE-4A9D-8D5D-6CC74A710F65}.Release|x64.Build.0 = Release|Any CPU
		{3BA1DEB1-38FE-4A9D-8D5D-6CC74A710F65}.Release|x86.ActiveCfg = Release|Any CPU
		{3BA1DEB1-38FE-4A9D-8D5D-6CC74A710F65}.Release|x86.Build.0 = Release|Any CPU
		{0A15F0D9-D287-4AD8-BEF4-60CC48C58FA9}.Debug|Any CPU.ActiveCfg = Debug|Any CPU
		{0A15F0D9-D287-4AD8-BEF4-60CC48C58FA9}.Debug|Any CPU.Build.0 = Debug|Any CPU
		{0A15F0D9-D287-4AD8-BEF4-60CC48C58FA9}.Debug|x64.ActiveCfg = Debug|Any CPU
		{0A15F0D9-D287-4AD8-BEF4-60CC48C58FA9}.Debug|x64.Build.0 = Debug|Any CPU
		{0A15F0D9-D287-4AD8-BEF4-60CC48C58FA9}.Debug|x86.ActiveCfg = Debug|Any CPU
		{0A15F0D9-D287-4AD8-BEF4-60CC48C58FA9}.Debug|x86.Build.0 = Debug|Any CPU
		{0A15F0D9-D287-4AD8-BEF4-60CC48C58FA9}.Release|Any CPU.ActiveCfg = Release|Any CPU
		{0A15F0D9-D287-4AD8-BEF4-60CC48C58FA9}.Release|Any CPU.Build.0 = Release|Any CPU
		{0A15F0D9-D287-4AD8-BEF4-60CC48C58FA9}.Release|x64.ActiveCfg = Release|Any CPU
		{0A15F0D9-D287-4AD8-BEF4-60CC48C58FA9}.Release|x64.Build.0 = Release|Any CPU
		{0A15F0D9-D287-4AD8-BEF4-60CC48C58FA9}.Release|x86.ActiveCfg = Release|Any CPU
		{0A15F0D9-D287-4AD8-BEF4-60CC48C58FA9}.Release|x86.Build.0 = Release|Any CPU
	EndGlobalSection
	GlobalSection(SolutionProperties) = preSolution
		HideSolutionNode = FALSE
	EndGlobalSection
	GlobalSection(NestedProjects) = preSolution
		{736071D7-49CA-40C6-9E98-5BC6F1B2265C} = {E3D23626-57FC-497B-BECB-678708C21BF0}
		{22013BD4-9CD1-4C3A-985E-A35CCBBBDA84} = {E3D23626-57FC-497B-BECB-678708C21BF0}
		{B8DDCBD6-F7C4-4C38-B433-C0F18FB0C513} = {E3D23626-57FC-497B-BECB-678708C21BF0}
		{727FE581-AA80-44F5-B8EF-39E92DA28391} = {E3D23626-57FC-497B-BECB-678708C21BF0}
		{15AE229C-8729-4F81-9DDB-28A18171C80A} = {C86FABC7-B6A2-41F1-BD9F-2F200C4E2A95}
		{C86FABC7-B6A2-41F1-BD9F-2F200C4E2A95} = {E3D23626-57FC-497B-BECB-678708C21BF0}
		{AA7501B0-C60A-4C95-9D77-997AAA7D239D} = {827E0CD3-B72D-47B6-A68D-7590B98EB39B}
		{D0DE16FF-9814-4663-AC31-C5F341F53C2E} = {5081215B-A8D2-606B-0497-D199D4ED2BF3}
		{1052E687-7915-4749-A7A9-9CCCFFA87B74} = {5081215B-A8D2-606B-0497-D199D4ED2BF3}
		{1A68F3F9-9BAB-4F7C-95D9-45D2236974DD} = {827E0CD3-B72D-47B6-A68D-7590B98EB39B}
		{2272CE87-F41A-4E7B-8178-C03E5262C23F} = {E3D23626-57FC-497B-BECB-678708C21BF0}
		{77CB6374-A795-4ED1-9CD6-CA85BDD03F81} = {827E0CD3-B72D-47B6-A68D-7590B98EB39B}
		{3BA1DEB1-38FE-4A9D-8D5D-6CC74A710F65} = {827E0CD3-B72D-47B6-A68D-7590B98EB39B}
		{0A15F0D9-D287-4AD8-BEF4-60CC48C58FA9} = {E3D23626-57FC-497B-BECB-678708C21BF0}
	EndGlobalSection
	GlobalSection(ExtensibilityGlobals) = postSolution
		SolutionGuid = {60E634DF-C48E-4831-AB77-BDA337A7DF2C}
	EndGlobalSection
EndGlobal
